// !$*UTF8*$!
{
	archiveVersion = 1;
	classes = {
	};
	objectVersion = 46;
	objects = {

/* Begin PBXBuildFile section */
		140B08331925B9FC00657FA8 /* Foundation.framework in Frameworks */ = {isa = PBXBuildFile; fileRef = 140B08321925B9FC00657FA8 /* Foundation.framework */; };
		140B08351925B9FC00657FA8 /* CoreGraphics.framework in Frameworks */ = {isa = PBXBuildFile; fileRef = 140B08341925B9FC00657FA8 /* CoreGraphics.framework */; };
		140B08371925B9FC00657FA8 /* UIKit.framework in Frameworks */ = {isa = PBXBuildFile; fileRef = 140B08361925B9FC00657FA8 /* UIKit.framework */; };
		140B08391925B9FC00657FA8 /* CoreData.framework in Frameworks */ = {isa = PBXBuildFile; fileRef = 140B08381925B9FC00657FA8 /* CoreData.framework */; };
		140B083F1925B9FC00657FA8 /* InfoPlist.strings in Resources */ = {isa = PBXBuildFile; fileRef = 140B083D1925B9FC00657FA8 /* InfoPlist.strings */; };
		140B08411925B9FC00657FA8 /* main.m in Sources */ = {isa = PBXBuildFile; fileRef = 140B08401925B9FC00657FA8 /* main.m */; };
		140B08451925B9FC00657FA8 /* HFAppDelegate.m in Sources */ = {isa = PBXBuildFile; fileRef = 140B08441925B9FC00657FA8 /* HFAppDelegate.m */; };
		140B08481925B9FC00657FA8 /* CoreData1.xcdatamodeld in Sources */ = {isa = PBXBuildFile; fileRef = 140B08461925B9FC00657FA8 /* CoreData1.xcdatamodeld */; };
		140B084A1925B9FC00657FA8 /* Images.xcassets in Resources */ = {isa = PBXBuildFile; fileRef = 140B08491925B9FC00657FA8 /* Images.xcassets */; };
		140B08511925B9FC00657FA8 /* XCTest.framework in Frameworks */ = {isa = PBXBuildFile; fileRef = 140B08501925B9FC00657FA8 /* XCTest.framework */; };
		140B08521925B9FC00657FA8 /* Foundation.framework in Frameworks */ = {isa = PBXBuildFile; fileRef = 140B08321925B9FC00657FA8 /* Foundation.framework */; };
		140B08531925B9FC00657FA8 /* UIKit.framework in Frameworks */ = {isa = PBXBuildFile; fileRef = 140B08361925B9FC00657FA8 /* UIKit.framework */; };
		140B08541925B9FC00657FA8 /* CoreData.framework in Frameworks */ = {isa = PBXBuildFile; fileRef = 140B08381925B9FC00657FA8 /* CoreData.framework */; };
		140B085C1925B9FC00657FA8 /* InfoPlist.strings in Resources */ = {isa = PBXBuildFile; fileRef = 140B085A1925B9FC00657FA8 /* InfoPlist.strings */; };
		140B085E1925B9FC00657FA8 /* CoreData1Tests.m in Sources */ = {isa = PBXBuildFile; fileRef = 140B085D1925B9FC00657FA8 /* CoreData1Tests.m */; };
/* End PBXBuildFile section */

/* Begin PBXContainerItemProxy section */
		140B08551925B9FC00657FA8 /* PBXContainerItemProxy */ = {
			isa = PBXContainerItemProxy;
			containerPortal = 140B08271925B9FC00657FA8 /* Project object */;
			proxyType = 1;
			remoteGlobalIDString = 140B082E1925B9FC00657FA8;
			remoteInfo = CoreData1;
		};
/* End PBXContainerItemProxy section */

/* Begin PBXFileReference section */
		140B082F1925B9FC00657FA8 /* CoreData1.app */ = {isa = PBXFileReference; explicitFileType = wrapper.application; includeInIndex = 0; path = CoreData1.app; sourceTree = BUILT_PRODUCTS_DIR; };
		140B08321925B9FC00657FA8 /* Foundation.framework */ = {isa = PBXFileReference; lastKnownFileType = wrapper.framework; name = Foundation.framework; path = System/Library/Frameworks/Foundation.framework; sourceTree = SDKROOT; };
		140B08341925B9FC00657FA8 /* CoreGraphics.framework */ = {isa = PBXFileReference; lastKnownFileType = wrapper.framework; name = CoreGraphics.framework; path = System/Library/Frameworks/CoreGraphics.framework; sourceTree = SDKROOT; };
		140B08361925B9FC00657FA8 /* UIKit.framework */ = {isa = PBXFileReference; lastKnownFileType = wrapper.framework; name = UIKit.framework; path = System/Library/Frameworks/UIKit.framework; sourceTree = SDKROOT; };
		140B08381925B9FC00657FA8 /* CoreData.framework */ = {isa = PBXFileReference; lastKnownFileType = wrapper.framework; name = CoreData.framework; path = System/Library/Frameworks/CoreData.framework; sourceTree = SDKROOT; };
		140B083C1925B9FC00657FA8 /* CoreData1-Info.plist */ = {isa = PBXFileReference; lastKnownFileType = text.plist.xml; path = "CoreData1-Info.plist"; sourceTree = "<group>"; };
		140B083E1925B9FC00657FA8 /* en */ = {isa = PBXFileReference; lastKnownFileType = text.plist.strings; name = en; path = en.lproj/InfoPlist.strings; sourceTree = "<group>"; };
		140B08401925B9FC00657FA8 /* main.m */ = {isa = PBXFileReference; lastKnownFileType = sourcecode.c.objc; path = main.m; sourceTree = "<group>"; };
		140B08421925B9FC00657FA8 /* CoreData1-Prefix.pch */ = {isa = PBXFileReference; lastKnownFileType = sourcecode.c.h; path = "CoreData1-Prefix.pch"; sourceTree = "<group>"; };
		140B08431925B9FC00657FA8 /* HFAppDelegate.h */ = {isa = PBXFileReference; lastKnownFileType = sourcecode.c.h; path = HFAppDelegate.h; sourceTree = "<group>"; };
		140B08441925B9FC00657FA8 /* HFAppDelegate.m */ = {isa = PBXFileReference; lastKnownFileType = sourcecode.c.objc; path = HFAppDelegate.m; sourceTree = "<group>"; };
		140B08471925B9FC00657FA8 /* CoreData1.xcdatamodel */ = {isa = PBXFileReference; lastKnownFileType = wrapper.xcdatamodel; path = CoreData1.xcdatamodel; sourceTree = "<group>"; };
		140B08491925B9FC00657FA8 /* Images.xcassets */ = {isa = PBXFileReference; lastKnownFileType = folder.assetcatalog; path = Images.xcassets; sourceTree = "<group>"; };
		140B084F1925B9FC00657FA8 /* CoreData1Tests.xctest */ = {isa = PBXFileReference; explicitFileType = wrapper.cfbundle; includeInIndex = 0; path = CoreData1Tests.xctest; sourceTree = BUILT_PRODUCTS_DIR; };
		140B08501925B9FC00657FA8 /* XCTest.framework */ = {isa = PBXFileReference; lastKnownFileType = wrapper.framework; name = XCTest.framework; path = Library/Frameworks/XCTest.framework; sourceTree = DEVELOPER_DIR; };
		140B08591925B9FC00657FA8 /* CoreData1Tests-Info.plist */ = {isa = PBXFileReference; lastKnownFileType = text.plist.xml; path = "CoreData1Tests-Info.plist"; sourceTree = "<group>"; };
		140B085B1925B9FC00657FA8 /* en */ = {isa = PBXFileReference; lastKnownFileType = text.plist.strings; name = en; path = en.lproj/InfoPlist.strings; sourceTree = "<group>"; };
		140B085D1925B9FC00657FA8 /* CoreData1Tests.m */ = {isa = PBXFileReference; lastKnownFileType = sourcecode.c.objc; path = CoreData1Tests.m; sourceTree = "<group>"; };
/* End PBXFileReference section */

/* Begin PBXFrameworksBuildPhase section */
		140B082C1925B9FC00657FA8 /* Frameworks */ = {
			isa = PBXFrameworksBuildPhase;
			buildActionMask = 2147483647;
			files = (
				140B08351925B9FC00657FA8 /* CoreGraphics.framework in Frameworks */,
				140B08391925B9FC00657FA8 /* CoreData.framework in Frameworks */,
				140B08371925B9FC00657FA8 /* UIKit.framework in Frameworks */,
				140B08331925B9FC00657FA8 /* Foundation.framework in Frameworks */,
			);
			runOnlyForDeploymentPostprocessing = 0;
		};
		140B084C1925B9FC00657FA8 /* Frameworks */ = {
			isa = PBXFrameworksBuildPhase;
			buildActionMask = 2147483647;
			files = (
				140B08511925B9FC00657FA8 /* XCTest.framework in Frameworks */,
				140B08541925B9FC00657FA8 /* CoreData.framework in Frameworks */,
				140B08531925B9FC00657FA8 /* UIKit.framework in Frameworks */,
				140B08521925B9FC00657FA8 /* Foundation.framework in Frameworks */,
			);
			runOnlyForDeploymentPostprocessing = 0;
		};
/* End PBXFrameworksBuildPhase section */

/* Begin PBXGroup section */
		140B08261925B9FC00657FA8 = {
			isa = PBXGroup;
			children = (
				140B083A1925B9FC00657FA8 /* CoreData1 */,
				140B08571925B9FC00657FA8 /* CoreData1Tests */,
				140B08311925B9FC00657FA8 /* Frameworks */,
				140B08301925B9FC00657FA8 /* Products */,
			);
			sourceTree = "<group>";
		};
		140B08301925B9FC00657FA8 /* Products */ = {
			isa = PBXGroup;
			children = (
				140B082F1925B9FC00657FA8 /* CoreData1.app */,
				140B084F1925B9FC00657FA8 /* CoreData1Tests.xctest */,
			);
			name = Products;
			sourceTree = "<group>";
		};
		140B08311925B9FC00657FA8 /* Frameworks */ = {
			isa = PBXGroup;
			children = (
				140B08321925B9FC00657FA8 /* Foundation.framework */,
				140B08341925B9FC00657FA8 /* CoreGraphics.framework */,
				140B08361925B9FC00657FA8 /* UIKit.framework */,
				140B08381925B9FC00657FA8 /* CoreData.framework */,
				140B08501925B9FC00657FA8 /* XCTest.framework */,
			);
			name = Frameworks;
			sourceTree = "<group>";
		};
		140B083A1925B9FC00657FA8 /* CoreData1 */ = {
			isa = PBXGroup;
			children = (
				140B08431925B9FC00657FA8 /* HFAppDelegate.h */,
				140B08441925B9FC00657FA8 /* HFAppDelegate.m */,
				140B08491925B9FC00657FA8 /* Images.xcassets */,
				140B08461925B9FC00657FA8 /* CoreData1.xcdatamodeld */,
				140B083B1925B9FC00657FA8 /* Supporting Files */,
			);
			path = CoreData1;
			sourceTree = "<group>";
		};
		140B083B1925B9FC00657FA8 /* Supporting Files */ = {
			isa = PBXGroup;
			children = (
				140B083C1925B9FC00657FA8 /* CoreData1-Info.plist */,
				140B083D1925B9FC00657FA8 /* InfoPlist.strings */,
				140B08401925B9FC00657FA8 /* main.m */,
				140B08421925B9FC00657FA8 /* CoreData1-Prefix.pch */,
			);
			name = "Supporting Files";
			sourceTree = "<group>";
		};
		140B08571925B9FC00657FA8 /* CoreData1Tests */ = {
			isa = PBXGroup;
			children = (
				140B085D1925B9FC00657FA8 /* CoreData1Tests.m */,
				140B08581925B9FC00657FA8 /* Supporting Files */,
			);
			path = CoreData1Tests;
			sourceTree = "<group>";
		};
		140B08581925B9FC00657FA8 /* Supporting Files */ = {
			isa = PBXGroup;
			children = (
				140B08591925B9FC00657FA8 /* CoreData1Tests-Info.plist */,
				140B085A1925B9FC00657FA8 /* InfoPlist.strings */,
			);
			name = "Supporting Files";
			sourceTree = "<group>";
		};
/* End PBXGroup section */

/* Begin PBXNativeTarget section */
		140B082E1925B9FC00657FA8 /* CoreData1 */ = {
			isa = PBXNativeTarget;
			buildConfigurationList = 140B08611925B9FC00657FA8 /* Build configuration list for PBXNativeTarget "CoreData1" */;
			buildPhases = (
				140B082B1925B9FC00657FA8 /* Sources */,
				140B082C1925B9FC00657FA8 /* Frameworks */,
				140B082D1925B9FC00657FA8 /* Resources */,
			);
			buildRules = (
			);
			dependencies = (
			);
			name = CoreData1;
			productName = CoreData1;
			productReference = 140B082F1925B9FC00657FA8 /* CoreData1.app */;
			productType = "com.apple.product-type.application";
		};
		140B084E1925B9FC00657FA8 /* CoreData1Tests */ = {
			isa = PBXNativeTarget;
			buildConfigurationList = 140B08641925B9FC00657FA8 /* Build configuration list for PBXNativeTarget "CoreData1Tests" */;
			buildPhases = (
				140B084B1925B9FC00657FA8 /* Sources */,
				140B084C1925B9FC00657FA8 /* Frameworks */,
				140B084D1925B9FC00657FA8 /* Resources */,
			);
			buildRules = (
			);
			dependencies = (
				140B08561925B9FC00657FA8 /* PBXTargetDependency */,
			);
			name = CoreData1Tests;
			productName = CoreData1Tests;
			productReference = 140B084F1925B9FC00657FA8 /* CoreData1Tests.xctest */;
			productType = "com.apple.product-type.bundle.unit-test";
		};
/* End PBXNativeTarget section */

/* Begin PBXProject section */
		140B08271925B9FC00657FA8 /* Project object */ = {
			isa = PBXProject;
			attributes = {
				CLASSPREFIX = HF;
				LastUpgradeCheck = 0510;
				ORGANIZATIONNAME = hanyfeng;
				TargetAttributes = {
					140B084E1925B9FC00657FA8 = {
						TestTargetID = 140B082E1925B9FC00657FA8;
					};
				};
			};
			buildConfigurationList = 140B082A1925B9FC00657FA8 /* Build configuration list for PBXProject "CoreData1" */;
			compatibilityVersion = "Xcode 3.2";
			developmentRegion = English;
			hasScannedForEncodings = 0;
			knownRegions = (
				en,
			);
			mainGroup = 140B08261925B9FC00657FA8;
			productRefGroup = 140B08301925B9FC00657FA8 /* Products */;
			projectDirPath = "";
			projectRoot = "";
			targets = (
				140B082E1925B9FC00657FA8 /* CoreData1 */,
				140B084E1925B9FC00657FA8 /* CoreData1Tests */,
			);
		};
/* End PBXProject section */

/* Begin PBXResourcesBuildPhase section */
		140B082D1925B9FC00657FA8 /* Resources */ = {
			isa = PBXResourcesBuildPhase;
			buildActionMask = 2147483647;
			files = (
				140B083F1925B9FC00657FA8 /* InfoPlist.strings in Resources */,
				140B084A1925B9FC00657FA8 /* Images.xcassets in Resources */,
			);
			runOnlyForDeploymentPostprocessing = 0;
		};
		140B084D1925B9FC00657FA8 /* Resources */ = {
			isa = PBXResourcesBuildPhase;
			buildActionMask = 2147483647;
			files = (
				140B085C1925B9FC00657FA8 /* InfoPlist.strings in Resources */,
			);
			runOnlyForDeploymentPostprocessing = 0;
		};
/* End PBXResourcesBuildPhase section */

/* Begin PBXSourcesBuildPhase section */
		140B082B1925B9FC00657FA8 /* Sources */ = {
			isa = PBXSourcesBuildPhase;
			buildActionMask = 2147483647;
			files = (
				140B08451925B9FC00657FA8 /* HFAppDelegate.m in Sources */,
				140B08411925B9FC00657FA8 /* main.m in Sources */,
				140B08481925B9FC00657FA8 /* CoreData1.xcdatamodeld in Sources */,
			);
			runOnlyForDeploymentPostprocessing = 0;
		};
		140B084B1925B9FC00657FA8 /* Sources */ = {
			isa = PBXSourcesBuildPhase;
			buildActionMask = 2147483647;
			files = (
				140B085E1925B9FC00657FA8 /* CoreData1Tests.m in Sources */,
			);
			runOnlyForDeploymentPostprocessing = 0;
		};
/* End PBXSourcesBuildPhase section */

/* Begin PBXTargetDependency section */
		140B08561925B9FC00657FA8 /* PBXTargetDependency */ = {
			isa = PBXTargetDependency;
			target = 140B082E1925B9FC00657FA8 /* CoreData1 */;
			targetProxy = 140B08551925B9FC00657FA8 /* PBXContainerItemProxy */;
		};
/* End PBXTargetDependency section */

/* Begin PBXVariantGroup section */
		140B083D1925B9FC00657FA8 /* InfoPlist.strings */ = {
			isa = PBXVariantGroup;
			children = (
				140B083E1925B9FC00657FA8 /* en */,
			);
			name = InfoPlist.strings;
			sourceTree = "<group>";
		};
		140B085A1925B9FC00657FA8 /* InfoPlist.strings */ = {
			isa = PBXVariantGroup;
			children = (
				140B085B1925B9FC00657FA8 /* en */,
			);
			name = InfoPlist.strings;
			sourceTree = "<group>";
		};
/* End PBXVariantGroup section */

/* Begin XCBuildConfiguration section */
		140B085F1925B9FC00657FA8 /* Debug */ = {
			isa = XCBuildConfiguration;
			buildSettings = {
				ALWAYS_SEARCH_USER_PATHS = NO;
				CLANG_CXX_LANGUAGE_STANDARD = "gnu++0x";
				CLANG_CXX_LIBRARY = "libc++";
				CLANG_ENABLE_MODULES = YES;
				CLANG_ENABLE_OBJC_ARC = YES;
				CLANG_WARN_BOOL_CONVERSION = YES;
				CLANG_WARN_CONSTANT_CONVERSION = YES;
				CLANG_WARN_DIRECT_OBJC_ISA_USAGE = YES_ERROR;
				CLANG_WARN_EMPTY_BODY = YES;
				CLANG_WARN_ENUM_CONVERSION = YES;
				CLANG_WARN_INT_CONVERSION = YES;
				CLANG_WARN_OBJC_ROOT_CLASS = YES_ERROR;
				CLANG_WARN__DUPLICATE_METHOD_MATCH = YES;
				"CODE_SIGN_IDENTITY[sdk=iphoneos*]" = "iPhone Developer";
				COPY_PHASE_STRIP = NO;
				GCC_C_LANGUAGE_STANDARD = gnu99;
				GCC_DYNAMIC_NO_PIC = NO;
				GCC_OPTIMIZATION_LEVEL = 0;
				GCC_PREPROCESSOR_DEFINITIONS = (
					"DEBUG=1",
					"$(inherited)",
				);
				GCC_SYMBOLS_PRIVATE_EXTERN = NO;
				GCC_WARN_64_TO_32_BIT_CONVERSION = YES;
				GCC_WARN_ABOUT_RETURN_TYPE = YES_ERROR;
				GCC_WARN_UNDECLARED_SELECTOR = YES;
				GCC_WARN_UNINITIALIZED_AUTOS = YES_AGGRESSIVE;
				GCC_WARN_UNUSED_FUNCTION = YES;
				GCC_WARN_UNUSED_VARIABLE = YES;
				IPHONEOS_DEPLOYMENT_TARGET = 7.1;
				ONLY_ACTIVE_ARCH = YES;
				SDKROOT = iphoneos;
			};
			name = Debug;
		};
		140B08601925B9FC00657FA8 /* Release */ = {
			isa = XCBuildConfiguration;
			buildSettings = {
				ALWAYS_SEARCH_USER_PATHS = NO;
				CLANG_CXX_LANGUAGE_STANDARD = "gnu++0x";
				CLANG_CXX_LIBRARY = "libc++";
				CLANG_ENABLE_MODULES = YES;
				CLANG_ENABLE_OBJC_ARC = YES;
				CLANG_WARN_BOOL_CONVERSION = YES;
				CLANG_WARN_CONSTANT_CONVERSION = YES;
				CLANG_WARN_DIRECT_OBJC_ISA_USAGE = YES_ERROR;
				CLANG_WARN_EMPTY_BODY = YES;
				CLANG_WARN_ENUM_CONVERSION = YES;
				CLANG_WARN_INT_CONVERSION = YES;
				CLANG_WARN_OBJC_ROOT_CLASS = YES_ERROR;
				CLANG_WARN__DUPLICATE_METHOD_MATCH = YES;
				"CODE_SIGN_IDENTITY[sdk=iphoneos*]" = "iPhone Developer";
				COPY_PHASE_STRIP = YES;
				ENABLE_NS_ASSERTIONS = NO;
				GCC_C_LANGUAGE_STANDARD = gnu99;
				GCC_WARN_64_TO_32_BIT_CONVERSION = YES;
				GCC_WARN_ABOUT_RETURN_TYPE = YES_ERROR;
				GCC_WARN_UNDECLARED_SELECTOR = YES;
				GCC_WARN_UNINITIALIZED_AUTOS = YES_AGGRESSIVE;
				GCC_WARN_UNUSED_FUNCTION = YES;
				GCC_WARN_UNUSED_VARIABLE = YES;
				IPHONEOS_DEPLOYMENT_TARGET = 7.1;
				SDKROOT = iphoneos;
				VALIDATE_PRODUCT = YES;
			};
			name = Release;
		};
		140B08621925B9FC00657FA8 /* Debug */ = {
			isa = XCBuildConfiguration;
			buildSettings = {
				ASSETCATALOG_COMPILER_APPICON_NAME = AppIcon;
				ASSETCATALOG_COMPILER_LAUNCHIMAGE_NAME = LaunchImage;
				GCC_PRECOMPILE_PREFIX_HEADER = YES;
				GCC_PREFIX_HEADER = "CoreData1/CoreData1-Prefix.pch";
				INFOPLIST_FILE = "CoreData1/CoreData1-Info.plist";
				PRODUCT_NAME = "$(TARGET_NAME)";
				WRAPPER_EXTENSION = app;
			};
			name = Debug;
		};
		140B08631925B9FC00657FA8 /* Release */ = {
			isa = XCBuildConfiguration;
			buildSettings = {
				ASSETCATALOG_COMPILER_APPICON_NAME = AppIcon;
				ASSETCATALOG_COMPILER_LAUNCHIMAGE_NAME = LaunchImage;
				GCC_PRECOMPILE_PREFIX_HEADER = YES;
				GCC_PREFIX_HEADER = "CoreData1/CoreData1-Prefix.pch";
				INFOPLIST_FILE = "CoreData1/CoreData1-Info.plist";
				PRODUCT_NAME = "$(TARGET_NAME)";
				WRAPPER_EXTENSION = app;
			};
			name = Release;
		};
		140B08651925B9FC00657FA8 /* Debug */ = {
			isa = XCBuildConfiguration;
			buildSettings = {
				BUNDLE_LOADER = "$(BUILT_PRODUCTS_DIR)/CoreData1.app/CoreData1";
				FRAMEWORK_SEARCH_PATHS = (
					"$(SDKROOT)/Developer/Library/Frameworks",
					"$(inherited)",
					"$(DEVELOPER_FRAMEWORKS_DIR)",
				);
				GCC_PRECOMPILE_PREFIX_HEADER = YES;
				GCC_PREFIX_HEADER = "CoreData1/CoreData1-Prefix.pch";
				GCC_PREPROCESSOR_DEFINITIONS = (
					"DEBUG=1",
					"$(inherited)",
				);
				INFOPLIST_FILE = "CoreData1Tests/CoreData1Tests-Info.plist";
				PRODUCT_NAME = "$(TARGET_NAME)";
				TEST_HOST = "$(BUNDLE_LOADER)";
				WRAPPER_EXTENSION = xctest;
			};
			name = Debug;
		};
		140B08661925B9FC00657FA8 /* Release */ = {
			isa = XCBuildConfiguration;
			buildSettings = {
				BUNDLE_LOADER = "$(BUILT_PRODUCTS_DIR)/CoreData1.app/CoreData1";
				FRAMEWORK_SEARCH_PATHS = (
					"$(SDKROOT)/Developer/Library/Frameworks",
					"$(inherited)",
					"$(DEVELOPER_FRAMEWORKS_DIR)",
				);
				GCC_PRECOMPILE_PREFIX_HEADER = YES;
				GCC_PREFIX_HEADER = "CoreData1/CoreData1-Prefix.pch";
				INFOPLIST_FILE = "CoreData1Tests/CoreData1Tests-Info.plist";
				PRODUCT_NAME = "$(TARGET_NAME)";
				TEST_HOST = "$(BUNDLE_LOADER)";
				WRAPPER_EXTENSION = xctest;
			};
			name = Release;
		};
/* End XCBuildConfiguration section */

/* Begin XCConfigurationList section */
		140B082A1925B9FC00657FA8 /* Build configuration list for PBXProject "CoreData1" */ = {
			isa = XCConfigurationList;
			buildConfigurations = (
				140B085F1925B9FC00657FA8 /* Debug */,
				140B08601925B9FC00657FA8 /* Release */,
			);
			defaultConfigurationIsVisible = 0;
			defaultConfigurationName = Release;
		};
		140B08611925B9FC00657FA8 /* Build configuration list for PBXNativeTarget "CoreData1" */ = {
			isa = XCConfigurationList;
			buildConfigurations = (
				140B08621925B9FC00657FA8 /* Debug */,
				140B08631925B9FC00657FA8 /* Release */,
			);
			defaultConfigurationIsVisible = 0;
		};
		140B08641925B9FC00657FA8 /* Build configuration list for PBXNativeTarget "CoreData1Tests" */ = {
			isa = XCConfigurationList;
			buildConfigurations = (
				140B08651925B9FC00657FA8 /* Debug */,
				140B08661925B9FC00657FA8 /* Release */,
			);
			defaultConfigurationIsVisible = 0;
		};
/* End XCConfigurationList section */

/* Begin XCVersionGroup section */
		140B08461925B9FC00657FA8 /* CoreData1.xcdatamodeld */ = {
			isa = XCVersionGroup;
			children = (
				140B08471925B9FC00657FA8 /* CoreData1.xcdatamodel */,
			);
			currentVersion = 140B08471925B9FC00657FA8 /* CoreData1.xcdatamodel */;
			path = CoreData1.xcdatamodeld;
			sourceTree = "<group>";
			versionGroupType = wrapper.xcdatamodel;
		};
/* End XCVersionGroup section */
	};
	rootObject = 140B08271925B9FC00657FA8 /* Project object */;
}
