// !$*UTF8*$!
{
	archiveVersion = 1;
	classes = {
	};
	objectVersion = 46;
	objects = {

/* Begin PBXBuildFile section */
		1485DF77195864F300978823 /* Foundation.framework in Frameworks */ = {isa = PBXBuildFile; fileRef = 1485DF76195864F300978823 /* Foundation.framework */; };
		1485DF79195864F300978823 /* CoreGraphics.framework in Frameworks */ = {isa = PBXBuildFile; fileRef = 1485DF78195864F300978823 /* CoreGraphics.framework */; };
		1485DF7B195864F300978823 /* UIKit.framework in Frameworks */ = {isa = PBXBuildFile; fileRef = 1485DF7A195864F300978823 /* UIKit.framework */; };
		1485DF81195864F300978823 /* InfoPlist.strings in Resources */ = {isa = PBXBuildFile; fileRef = 1485DF7F195864F300978823 /* InfoPlist.strings */; };
		1485DF83195864F300978823 /* main.m in Sources */ = {isa = PBXBuildFile; fileRef = 1485DF82195864F300978823 /* main.m */; };
		1485DF87195864F300978823 /* HFAppDelegate.m in Sources */ = {isa = PBXBuildFile; fileRef = 1485DF86195864F300978823 /* HFAppDelegate.m */; };
		1485DF8A195864F300978823 /* Main.storyboard in Resources */ = {isa = PBXBuildFile; fileRef = 1485DF88195864F300978823 /* Main.storyboard */; };
		1485DF8F195864F300978823 /* Images.xcassets in Resources */ = {isa = PBXBuildFile; fileRef = 1485DF8E195864F300978823 /* Images.xcassets */; };
		1485DF96195864F300978823 /* XCTest.framework in Frameworks */ = {isa = PBXBuildFile; fileRef = 1485DF95195864F300978823 /* XCTest.framework */; };
		1485DF97195864F300978823 /* Foundation.framework in Frameworks */ = {isa = PBXBuildFile; fileRef = 1485DF76195864F300978823 /* Foundation.framework */; };
		1485DF98195864F300978823 /* UIKit.framework in Frameworks */ = {isa = PBXBuildFile; fileRef = 1485DF7A195864F300978823 /* UIKit.framework */; };
		1485DFA0195864F300978823 /* InfoPlist.strings in Resources */ = {isa = PBXBuildFile; fileRef = 1485DF9E195864F300978823 /* InfoPlist.strings */; };
		1485DFA2195864F300978823 /* TBXML_TestTests.m in Sources */ = {isa = PBXBuildFile; fileRef = 1485DFA1195864F300978823 /* TBXML_TestTests.m */; };
		1485DFAD1958650900978823 /* HFTableViewController.m in Sources */ = {isa = PBXBuildFile; fileRef = 1485DFAC1958650900978823 /* HFTableViewController.m */; };
		1485DFB01958654100978823 /* XMLParser.m in Sources */ = {isa = PBXBuildFile; fileRef = 1485DFAF1958654100978823 /* XMLParser.m */; };
		1485DFB3195865FF00978823 /* Notes.xml in Resources */ = {isa = PBXBuildFile; fileRef = 1485DFB2195865FF00978823 /* Notes.xml */; };
		1485DFBD1958660E00978823 /* TBXML+Compression.m in Sources */ = {isa = PBXBuildFile; fileRef = 1485DFB61958660E00978823 /* TBXML+Compression.m */; };
		1485DFBE1958660E00978823 /* TBXML+HTTP.m in Sources */ = {isa = PBXBuildFile; fileRef = 1485DFB71958660E00978823 /* TBXML+HTTP.m */; };
		1485DFBF1958660E00978823 /* TBXML.m in Sources */ = {isa = PBXBuildFile; fileRef = 1485DFB81958660E00978823 /* TBXML.m */; };
		1485DFC11958674700978823 /* libz.dylib in Frameworks */ = {isa = PBXBuildFile; fileRef = 1485DFC01958674700978823 /* libz.dylib */; };
/* End PBXBuildFile section */

/* Begin PBXContainerItemProxy section */
		1485DF99195864F300978823 /* PBXContainerItemProxy */ = {
			isa = PBXContainerItemProxy;
			containerPortal = 1485DF6B195864F300978823 /* Project object */;
			proxyType = 1;
			remoteGlobalIDString = 1485DF72195864F300978823;
			remoteInfo = TBXML_Test;
		};
/* End PBXContainerItemProxy section */

/* Begin PBXFileReference section */
		1485DF73195864F300978823 /* TBXML_Test.app */ = {isa = PBXFileReference; explicitFileType = wrapper.application; includeInIndex = 0; path = TBXML_Test.app; sourceTree = BUILT_PRODUCTS_DIR; };
		1485DF76195864F300978823 /* Foundation.framework */ = {isa = PBXFileReference; lastKnownFileType = wrapper.framework; name = Foundation.framework; path = System/Library/Frameworks/Foundation.framework; sourceTree = SDKROOT; };
		1485DF78195864F300978823 /* CoreGraphics.framework */ = {isa = PBXFileReference; lastKnownFileType = wrapper.framework; name = CoreGraphics.framework; path = System/Library/Frameworks/CoreGraphics.framework; sourceTree = SDKROOT; };
		1485DF7A195864F300978823 /* UIKit.framework */ = {isa = PBXFileReference; lastKnownFileType = wrapper.framework; name = UIKit.framework; path = System/Library/Frameworks/UIKit.framework; sourceTree = SDKROOT; };
		1485DF7E195864F300978823 /* TBXML_Test-Info.plist */ = {isa = PBXFileReference; lastKnownFileType = text.plist.xml; path = "TBXML_Test-Info.plist"; sourceTree = "<group>"; };
		1485DF80195864F300978823 /* en */ = {isa = PBXFileReference; lastKnownFileType = text.plist.strings; name = en; path = en.lproj/InfoPlist.strings; sourceTree = "<group>"; };
		1485DF82195864F300978823 /* main.m */ = {isa = PBXFileReference; lastKnownFileType = sourcecode.c.objc; path = main.m; sourceTree = "<group>"; };
		1485DF84195864F300978823 /* TBXML_Test-Prefix.pch */ = {isa = PBXFileReference; lastKnownFileType = sourcecode.c.h; path = "TBXML_Test-Prefix.pch"; sourceTree = "<group>"; };
		1485DF85195864F300978823 /* HFAppDelegate.h */ = {isa = PBXFileReference; lastKnownFileType = sourcecode.c.h; path = HFAppDelegate.h; sourceTree = "<group>"; };
		1485DF86195864F300978823 /* HFAppDelegate.m */ = {isa = PBXFileReference; lastKnownFileType = sourcecode.c.objc; path = HFAppDelegate.m; sourceTree = "<group>"; };
		1485DF89195864F300978823 /* Base */ = {isa = PBXFileReference; lastKnownFileType = file.storyboard; name = Base; path = Base.lproj/Main.storyboard; sourceTree = "<group>"; };
		1485DF8E195864F300978823 /* Images.xcassets */ = {isa = PBXFileReference; lastKnownFileType = folder.assetcatalog; path = Images.xcassets; sourceTree = "<group>"; };
		1485DF94195864F300978823 /* TBXML_TestTests.xctest */ = {isa = PBXFileReference; explicitFileType = wrapper.cfbundle; includeInIndex = 0; path = TBXML_TestTests.xctest; sourceTree = BUILT_PRODUCTS_DIR; };
		1485DF95195864F300978823 /* XCTest.framework */ = {isa = PBXFileReference; lastKnownFileType = wrapper.framework; name = XCTest.framework; path = Library/Frameworks/XCTest.framework; sourceTree = DEVELOPER_DIR; };
		1485DF9D195864F300978823 /* TBXML_TestTests-Info.plist */ = {isa = PBXFileReference; lastKnownFileType = text.plist.xml; path = "TBXML_TestTests-Info.plist"; sourceTree = "<group>"; };
		1485DF9F195864F300978823 /* en */ = {isa = PBXFileReference; lastKnownFileType = text.plist.strings; name = en; path = en.lproj/InfoPlist.strings; sourceTree = "<group>"; };
		1485DFA1195864F300978823 /* TBXML_TestTests.m */ = {isa = PBXFileReference; lastKnownFileType = sourcecode.c.objc; path = TBXML_TestTests.m; sourceTree = "<group>"; };
		1485DFAB1958650900978823 /* HFTableViewController.h */ = {isa = PBXFileReference; fileEncoding = 4; lastKnownFileType = sourcecode.c.h; path = HFTableViewController.h; sourceTree = "<group>"; };
		1485DFAC1958650900978823 /* HFTableViewController.m */ = {isa = PBXFileReference; fileEncoding = 4; lastKnownFileType = sourcecode.c.objc; path = HFTableViewController.m; sourceTree = "<group>"; };
		1485DFAE1958654100978823 /* XMLParser.h */ = {isa = PBXFileReference; fileEncoding = 4; lastKnownFileType = sourcecode.c.h; path = XMLParser.h; sourceTree = "<group>"; };
		1485DFAF1958654100978823 /* XMLParser.m */ = {isa = PBXFileReference; fileEncoding = 4; lastKnownFileType = sourcecode.c.objc; path = XMLParser.m; sourceTree = "<group>"; };
		1485DFB2195865FF00978823 /* Notes.xml */ = {isa = PBXFileReference; fileEncoding = 4; lastKnownFileType = text.xml; name = Notes.xml; path = ../Notes.xml; sourceTree = "<group>"; };
		1485DFB61958660E00978823 /* TBXML+Compression.m */ = {isa = PBXFileReference; fileEncoding = 4; lastKnownFileType = sourcecode.c.objc; path = "TBXML+Compression.m"; sourceTree = "<group>"; };
		1485DFB71958660E00978823 /* TBXML+HTTP.m */ = {isa = PBXFileReference; fileEncoding = 4; lastKnownFileType = sourcecode.c.objc; path = "TBXML+HTTP.m"; sourceTree = "<group>"; };
		1485DFB81958660E00978823 /* TBXML.m */ = {isa = PBXFileReference; fileEncoding = 4; lastKnownFileType = sourcecode.c.objc; path = TBXML.m; sourceTree = "<group>"; };
		1485DFBA1958660E00978823 /* TBXML+Compression.h */ = {isa = PBXFileReference; fileEncoding = 4; lastKnownFileType = sourcecode.c.h; path = "TBXML+Compression.h"; sourceTree = "<group>"; };
		1485DFBB1958660E00978823 /* TBXML+HTTP.h */ = {isa = PBXFileReference; fileEncoding = 4; lastKnownFileType = sourcecode.c.h; path = "TBXML+HTTP.h"; sourceTree = "<group>"; };
		1485DFBC1958660E00978823 /* TBXML.h */ = {isa = PBXFileReference; fileEncoding = 4; lastKnownFileType = sourcecode.c.h; path = TBXML.h; sourceTree = "<group>"; };
		1485DFC01958674700978823 /* libz.dylib */ = {isa = PBXFileReference; lastKnownFileType = "compiled.mach-o.dylib"; name = libz.dylib; path = usr/lib/libz.dylib; sourceTree = SDKROOT; };
/* End PBXFileReference section */

/* Begin PBXFrameworksBuildPhase section */
		1485DF70195864F300978823 /* Frameworks */ = {
			isa = PBXFrameworksBuildPhase;
			buildActionMask = 2147483647;
			files = (
				1485DFC11958674700978823 /* libz.dylib in Frameworks */,
				1485DF79195864F300978823 /* CoreGraphics.framework in Frameworks */,
				1485DF7B195864F300978823 /* UIKit.framework in Frameworks */,
				1485DF77195864F300978823 /* Foundation.framework in Frameworks */,
			);
			runOnlyForDeploymentPostprocessing = 0;
		};
		1485DF91195864F300978823 /* Frameworks */ = {
			isa = PBXFrameworksBuildPhase;
			buildActionMask = 2147483647;
			files = (
				1485DF96195864F300978823 /* XCTest.framework in Frameworks */,
				1485DF98195864F300978823 /* UIKit.framework in Frameworks */,
				1485DF97195864F300978823 /* Foundation.framework in Frameworks */,
			);
			runOnlyForDeploymentPostprocessing = 0;
		};
/* End PBXFrameworksBuildPhase section */

/* Begin PBXGroup section */
		1485DF6A195864F300978823 = {
			isa = PBXGroup;
			children = (
				1485DF7C195864F300978823 /* TBXML_Test */,
				1485DF9B195864F300978823 /* TBXML_TestTests */,
				1485DF75195864F300978823 /* Frameworks */,
				1485DF74195864F300978823 /* Products */,
			);
			sourceTree = "<group>";
		};
		1485DF74195864F300978823 /* Products */ = {
			isa = PBXGroup;
			children = (
				1485DF73195864F300978823 /* TBXML_Test.app */,
				1485DF94195864F300978823 /* TBXML_TestTests.xctest */,
			);
			name = Products;
			sourceTree = "<group>";
		};
		1485DF75195864F300978823 /* Frameworks */ = {
			isa = PBXGroup;
			children = (
				1485DFC01958674700978823 /* libz.dylib */,
				1485DF76195864F300978823 /* Foundation.framework */,
				1485DF78195864F300978823 /* CoreGraphics.framework */,
				1485DF7A195864F300978823 /* UIKit.framework */,
				1485DF95195864F300978823 /* XCTest.framework */,
			);
			name = Frameworks;
			sourceTree = "<group>";
		};
		1485DF7C195864F300978823 /* TBXML_Test */ = {
			isa = PBXGroup;
			children = (
				1485DFB2195865FF00978823 /* Notes.xml */,
				1485DFB11958654700978823 /* XML解析器 */,
				1485DF85195864F300978823 /* HFAppDelegate.h */,
				1485DF86195864F300978823 /* HFAppDelegate.m */,
				1485DF88195864F300978823 /* Main.storyboard */,
				1485DFAB1958650900978823 /* HFTableViewController.h */,
				1485DFAC1958650900978823 /* HFTableViewController.m */,
				1485DF8E195864F300978823 /* Images.xcassets */,
				1485DF7D195864F300978823 /* Supporting Files */,
			);
			path = TBXML_Test;
			sourceTree = "<group>";
		};
		1485DF7D195864F300978823 /* Supporting Files */ = {
			isa = PBXGroup;
			children = (
				1485DF7E195864F300978823 /* TBXML_Test-Info.plist */,
				1485DF7F195864F300978823 /* InfoPlist.strings */,
				1485DF82195864F300978823 /* main.m */,
				1485DF84195864F300978823 /* TBXML_Test-Prefix.pch */,
			);
			name = "Supporting Files";
			sourceTree = "<group>";
		};
		1485DF9B195864F300978823 /* TBXML_TestTests */ = {
			isa = PBXGroup;
			children = (
				1485DFA1195864F300978823 /* TBXML_TestTests.m */,
				1485DF9C195864F300978823 /* Supporting Files */,
			);
			path = TBXML_TestTests;
			sourceTree = "<group>";
		};
		1485DF9C195864F300978823 /* Supporting Files */ = {
			isa = PBXGroup;
			children = (
				1485DF9D195864F300978823 /* TBXML_TestTests-Info.plist */,
				1485DF9E195864F300978823 /* InfoPlist.strings */,
			);
			name = "Supporting Files";
			sourceTree = "<group>";
		};
		1485DFB11958654700978823 /* XML解析器 */ = {
			isa = PBXGroup;
			children = (
				1485DFB41958660E00978823 /* TBXML */,
				1485DFAE1958654100978823 /* XMLParser.h */,
				1485DFAF1958654100978823 /* XMLParser.m */,
			);
			name = "XML解析器";
			sourceTree = "<group>";
		};
		1485DFB41958660E00978823 /* TBXML */ = {
			isa = PBXGroup;
			children = (
				1485DFB51958660E00978823 /* TBXML-Code */,
				1485DFB91958660E00978823 /* TBXML-Headers */,
			);
			path = TBXML;
			sourceTree = "<group>";
		};
		1485DFB51958660E00978823 /* TBXML-Code */ = {
			isa = PBXGroup;
			children = (
				1485DFB61958660E00978823 /* TBXML+Compression.m */,
				1485DFB71958660E00978823 /* TBXML+HTTP.m */,
				1485DFB81958660E00978823 /* TBXML.m */,
			);
			path = "TBXML-Code";
			sourceTree = "<group>";
		};
		1485DFB91958660E00978823 /* TBXML-Headers */ = {
			isa = PBXGroup;
			children = (
				1485DFBA1958660E00978823 /* TBXML+Compression.h */,
				1485DFBB1958660E00978823 /* TBXML+HTTP.h */,
				1485DFBC1958660E00978823 /* TBXML.h */,
			);
			path = "TBXML-Headers";
			sourceTree = "<group>";
		};
/* End PBXGroup section */

/* Begin PBXNativeTarget section */
		1485DF72195864F300978823 /* TBXML_Test */ = {
			isa = PBXNativeTarget;
			buildConfigurationList = 1485DFA5195864F300978823 /* Build configuration list for PBXNativeTarget "TBXML_Test" */;
			buildPhases = (
				1485DF6F195864F300978823 /* Sources */,
				1485DF70195864F300978823 /* Frameworks */,
				1485DF71195864F300978823 /* Resources */,
			);
			buildRules = (
			);
			dependencies = (
			);
			name = TBXML_Test;
			productName = TBXML_Test;
			productReference = 1485DF73195864F300978823 /* TBXML_Test.app */;
			productType = "com.apple.product-type.application";
		};
		1485DF93195864F300978823 /* TBXML_TestTests */ = {
			isa = PBXNativeTarget;
			buildConfigurationList = 1485DFA8195864F300978823 /* Build configuration list for PBXNativeTarget "TBXML_TestTests" */;
			buildPhases = (
				1485DF90195864F300978823 /* Sources */,
				1485DF91195864F300978823 /* Frameworks */,
				1485DF92195864F300978823 /* Resources */,
			);
			buildRules = (
			);
			dependencies = (
				1485DF9A195864F300978823 /* PBXTargetDependency */,
			);
			name = TBXML_TestTests;
			productName = TBXML_TestTests;
			productReference = 1485DF94195864F300978823 /* TBXML_TestTests.xctest */;
			productType = "com.apple.product-type.bundle.unit-test";
		};
/* End PBXNativeTarget section */

/* Begin PBXProject section */
		1485DF6B195864F300978823 /* Project object */ = {
			isa = PBXProject;
			attributes = {
				CLASSPREFIX = HF;
				LastUpgradeCheck = 0510;
				ORGANIZATIONNAME = hanyfeng;
				TargetAttributes = {
					1485DF93195864F300978823 = {
						TestTargetID = 1485DF72195864F300978823;
					};
				};
			};
			buildConfigurationList = 1485DF6E195864F300978823 /* Build configuration list for PBXProject "TBXML_Test" */;
			compatibilityVersion = "Xcode 3.2";
			developmentRegion = English;
			hasScannedForEncodings = 0;
			knownRegions = (
				en,
				Base,
			);
			mainGroup = 1485DF6A195864F300978823;
			productRefGroup = 1485DF74195864F300978823 /* Products */;
			projectDirPath = "";
			projectRoot = "";
			targets = (
				1485DF72195864F300978823 /* TBXML_Test */,
				1485DF93195864F300978823 /* TBXML_TestTests */,
			);
		};
/* End PBXProject section */

/* Begin PBXResourcesBuildPhase section */
		1485DF71195864F300978823 /* Resources */ = {
			isa = PBXResourcesBuildPhase;
			buildActionMask = 2147483647;
			files = (
				1485DF8F195864F300978823 /* Images.xcassets in Resources */,
				1485DFB3195865FF00978823 /* Notes.xml in Resources */,
				1485DF81195864F300978823 /* InfoPlist.strings in Resources */,
				1485DF8A195864F300978823 /* Main.storyboard in Resources */,
			);
			runOnlyForDeploymentPostprocessing = 0;
		};
		1485DF92195864F300978823 /* Resources */ = {
			isa = PBXResourcesBuildPhase;
			buildActionMask = 2147483647;
			files = (
				1485DFA0195864F300978823 /* InfoPlist.strings in Resources */,
			);
			runOnlyForDeploymentPostprocessing = 0;
		};
/* End PBXResourcesBuildPhase section */

/* Begin PBXSourcesBuildPhase section */
		1485DF6F195864F300978823 /* Sources */ = {
			isa = PBXSourcesBuildPhase;
			buildActionMask = 2147483647;
			files = (
				1485DFBD1958660E00978823 /* TBXML+Compression.m in Sources */,
				1485DFB01958654100978823 /* XMLParser.m in Sources */,
				1485DF87195864F300978823 /* HFAppDelegate.m in Sources */,
				1485DFAD1958650900978823 /* HFTableViewController.m in Sources */,
				1485DF83195864F300978823 /* main.m in Sources */,
				1485DFBE1958660E00978823 /* TBXML+HTTP.m in Sources */,
				1485DFBF1958660E00978823 /* TBXML.m in Sources */,
			);
			runOnlyForDeploymentPostprocessing = 0;
		};
		1485DF90195864F300978823 /* Sources */ = {
			isa = PBXSourcesBuildPhase;
			buildActionMask = 2147483647;
			files = (
				1485DFA2195864F300978823 /* TBXML_TestTests.m in Sources */,
			);
			runOnlyForDeploymentPostprocessing = 0;
		};
/* End PBXSourcesBuildPhase section */

/* Begin PBXTargetDependency section */
		1485DF9A195864F300978823 /* PBXTargetDependency */ = {
			isa = PBXTargetDependency;
			target = 1485DF72195864F300978823 /* TBXML_Test */;
			targetProxy = 1485DF99195864F300978823 /* PBXContainerItemProxy */;
		};
/* End PBXTargetDependency section */

/* Begin PBXVariantGroup section */
		1485DF7F195864F300978823 /* InfoPlist.strings */ = {
			isa = PBXVariantGroup;
			children = (
				1485DF80195864F300978823 /* en */,
			);
			name = InfoPlist.strings;
			sourceTree = "<group>";
		};
		1485DF88195864F300978823 /* Main.storyboard */ = {
			isa = PBXVariantGroup;
			children = (
				1485DF89195864F300978823 /* Base */,
			);
			name = Main.storyboard;
			sourceTree = "<group>";
		};
		1485DF9E195864F300978823 /* InfoPlist.strings */ = {
			isa = PBXVariantGroup;
			children = (
				1485DF9F195864F300978823 /* en */,
			);
			name = InfoPlist.strings;
			sourceTree = "<group>";
		};
/* End PBXVariantGroup section */

/* Begin XCBuildConfiguration section */
		1485DFA3195864F300978823 /* Debug */ = {
			isa = XCBuildConfiguration;
			buildSettings = {
				ALWAYS_SEARCH_USER_PATHS = NO;
				CLANG_CXX_LANGUAGE_STANDARD = "gnu++0x";
				CLANG_CXX_LIBRARY = "libc++";
				CLANG_ENABLE_MODULES = YES;
				CLANG_ENABLE_OBJC_ARC = YES;
				CLANG_WARN_BOOL_CONVERSION = YES;
				CLANG_WARN_CONSTANT_CONVERSION = YES;
				CLANG_WARN_DIRECT_OBJC_ISA_USAGE = YES_ERROR;
				CLANG_WARN_EMPTY_BODY = YES;
				CLANG_WARN_ENUM_CONVERSION = YES;
				CLANG_WARN_INT_CONVERSION = YES;
				CLANG_WARN_OBJC_ROOT_CLASS = YES_ERROR;
				CLANG_WARN__DUPLICATE_METHOD_MATCH = YES;
				"CODE_SIGN_IDENTITY[sdk=iphoneos*]" = "iPhone Developer";
				COPY_PHASE_STRIP = NO;
				GCC_C_LANGUAGE_STANDARD = gnu99;
				GCC_DYNAMIC_NO_PIC = NO;
				GCC_OPTIMIZATION_LEVEL = 0;
				GCC_PREPROCESSOR_DEFINITIONS = (
					"DEBUG=1",
					"$(inherited)",
				);
				GCC_SYMBOLS_PRIVATE_EXTERN = NO;
				GCC_WARN_64_TO_32_BIT_CONVERSION = YES;
				GCC_WARN_ABOUT_RETURN_TYPE = YES_ERROR;
				GCC_WARN_UNDECLARED_SELECTOR = YES;
				GCC_WARN_UNINITIALIZED_AUTOS = YES_AGGRESSIVE;
				GCC_WARN_UNUSED_FUNCTION = YES;
				GCC_WARN_UNUSED_VARIABLE = YES;
				IPHONEOS_DEPLOYMENT_TARGET = 7.1;
				ONLY_ACTIVE_ARCH = YES;
				SDKROOT = iphoneos;
			};
			name = Debug;
		};
		1485DFA4195864F300978823 /* Release */ = {
			isa = XCBuildConfiguration;
			buildSettings = {
				ALWAYS_SEARCH_USER_PATHS = NO;
				CLANG_CXX_LANGUAGE_STANDARD = "gnu++0x";
				CLANG_CXX_LIBRARY = "libc++";
				CLANG_ENABLE_MODULES = YES;
				CLANG_ENABLE_OBJC_ARC = YES;
				CLANG_WARN_BOOL_CONVERSION = YES;
				CLANG_WARN_CONSTANT_CONVERSION = YES;
				CLANG_WARN_DIRECT_OBJC_ISA_USAGE = YES_ERROR;
				CLANG_WARN_EMPTY_BODY = YES;
				CLANG_WARN_ENUM_CONVERSION = YES;
				CLANG_WARN_INT_CONVERSION = YES;
				CLANG_WARN_OBJC_ROOT_CLASS = YES_ERROR;
				CLANG_WARN__DUPLICATE_METHOD_MATCH = YES;
				"CODE_SIGN_IDENTITY[sdk=iphoneos*]" = "iPhone Developer";
				COPY_PHASE_STRIP = YES;
				ENABLE_NS_ASSERTIONS = NO;
				GCC_C_LANGUAGE_STANDARD = gnu99;
				GCC_WARN_64_TO_32_BIT_CONVERSION = YES;
				GCC_WARN_ABOUT_RETURN_TYPE = YES_ERROR;
				GCC_WARN_UNDECLARED_SELECTOR = YES;
				GCC_WARN_UNINITIALIZED_AUTOS = YES_AGGRESSIVE;
				GCC_WARN_UNUSED_FUNCTION = YES;
				GCC_WARN_UNUSED_VARIABLE = YES;
				IPHONEOS_DEPLOYMENT_TARGET = 7.1;
				SDKROOT = iphoneos;
				VALIDATE_PRODUCT = YES;
			};
			name = Release;
		};
		1485DFA6195864F300978823 /* Debug */ = {
			isa = XCBuildConfiguration;
			buildSettings = {
				ASSETCATALOG_COMPILER_APPICON_NAME = AppIcon;
				ASSETCATALOG_COMPILER_LAUNCHIMAGE_NAME = LaunchImage;
				GCC_PRECOMPILE_PREFIX_HEADER = YES;
				GCC_PREFIX_HEADER = "TBXML_Test/TBXML_Test-Prefix.pch";
				INFOPLIST_FILE = "TBXML_Test/TBXML_Test-Info.plist";
				PRODUCT_NAME = "$(TARGET_NAME)";
				WRAPPER_EXTENSION = app;
			};
			name = Debug;
		};
		1485DFA7195864F300978823 /* Release */ = {
			isa = XCBuildConfiguration;
			buildSettings = {
				ASSETCATALOG_COMPILER_APPICON_NAME = AppIcon;
				ASSETCATALOG_COMPILER_LAUNCHIMAGE_NAME = LaunchImage;
				GCC_PRECOMPILE_PREFIX_HEADER = YES;
				GCC_PREFIX_HEADER = "TBXML_Test/TBXML_Test-Prefix.pch";
				INFOPLIST_FILE = "TBXML_Test/TBXML_Test-Info.plist";
				PRODUCT_NAME = "$(TARGET_NAME)";
				WRAPPER_EXTENSION = app;
			};
			name = Release;
		};
		1485DFA9195864F300978823 /* Debug */ = {
			isa = XCBuildConfiguration;
			buildSettings = {
				BUNDLE_LOADER = "$(BUILT_PRODUCTS_DIR)/TBXML_Test.app/TBXML_Test";
				FRAMEWORK_SEARCH_PATHS = (
					"$(SDKROOT)/Developer/Library/Frameworks",
					"$(inherited)",
					"$(DEVELOPER_FRAMEWORKS_DIR)",
				);
				GCC_PRECOMPILE_PREFIX_HEADER = YES;
				GCC_PREFIX_HEADER = "TBXML_Test/TBXML_Test-Prefix.pch";
				GCC_PREPROCESSOR_DEFINITIONS = (
					"DEBUG=1",
					"$(inherited)",
				);
				INFOPLIST_FILE = "TBXML_TestTests/TBXML_TestTests-Info.plist";
				PRODUCT_NAME = "$(TARGET_NAME)";
				TEST_HOST = "$(BUNDLE_LOADER)";
				WRAPPER_EXTENSION = xctest;
			};
			name = Debug;
		};
		1485DFAA195864F300978823 /* Release */ = {
			isa = XCBuildConfiguration;
			buildSettings = {
				BUNDLE_LOADER = "$(BUILT_PRODUCTS_DIR)/TBXML_Test.app/TBXML_Test";
				FRAMEWORK_SEARCH_PATHS = (
					"$(SDKROOT)/Developer/Library/Frameworks",
					"$(inherited)",
					"$(DEVELOPER_FRAMEWORKS_DIR)",
				);
				GCC_PRECOMPILE_PREFIX_HEADER = YES;
				GCC_PREFIX_HEADER = "TBXML_Test/TBXML_Test-Prefix.pch";
				INFOPLIST_FILE = "TBXML_TestTests/TBXML_TestTests-Info.plist";
				PRODUCT_NAME = "$(TARGET_NAME)";
				TEST_HOST = "$(BUNDLE_LOADER)";
				WRAPPER_EXTENSION = xctest;
			};
			name = Release;
		};
/* End XCBuildConfiguration section */

/* Begin XCConfigurationList section */
		1485DF6E195864F300978823 /* Build configuration list for PBXProject "TBXML_Test" */ = {
			isa = XCConfigurationList;
			buildConfigurations = (
				1485DFA3195864F300978823 /* Debug */,
				1485DFA4195864F300978823 /* Release */,
			);
			defaultConfigurationIsVisible = 0;
			defaultConfigurationName = Release;
		};
		1485DFA5195864F300978823 /* Build configuration list for PBXNativeTarget "TBXML_Test" */ = {
			isa = XCConfigurationList;
			buildConfigurations = (
				1485DFA6195864F300978823 /* Debug */,
				1485DFA7195864F300978823 /* Release */,
			);
			defaultConfigurationIsVisible = 0;
		};
		1485DFA8195864F300978823 /* Build configuration list for PBXNativeTarget "TBXML_TestTests" */ = {
			isa = XCConfigurationList;
			buildConfigurations = (
				1485DFA9195864F300978823 /* Debug */,
				1485DFAA195864F300978823 /* Release */,
			);
			defaultConfigurationIsVisible = 0;
		};
/* End XCConfigurationList section */
	};
	rootObject = 1485DF6B195864F300978823 /* Project object */;
}
