// !$*UTF8*$!
{
	archiveVersion = 1;
	classes = {
	};
	objectVersion = 46;
	objects = {

/* Begin PBXBuildFile section */
		18CA17AF1856EF5500A26F5E /* Foundation.framework in Frameworks */ = {isa = PBXBuildFile; fileRef = 18CA17AE1856EF5500A26F5E /* Foundation.framework */; };
		18CA17B11856EF5500A26F5E /* CoreGraphics.framework in Frameworks */ = {isa = PBXBuildFile; fileRef = 18CA17B01856EF5500A26F5E /* CoreGraphics.framework */; };
		18CA17B31856EF5500A26F5E /* UIKit.framework in Frameworks */ = {isa = PBXBuildFile; fileRef = 18CA17B21856EF5500A26F5E /* UIKit.framework */; };
		18CA17B91856EF5500A26F5E /* InfoPlist.strings in Resources */ = {isa = PBXBuildFile; fileRef = 18CA17B71856EF5500A26F5E /* InfoPlist.strings */; };
		18CA17BB1856EF5500A26F5E /* main.m in Sources */ = {isa = PBXBuildFile; fileRef = 18CA17BA1856EF5500A26F5E /* main.m */; };
		18CA17BF1856EF5500A26F5E /* TRAppDelegate.m in Sources */ = {isa = PBXBuildFile; fileRef = 18CA17BE1856EF5500A26F5E /* TRAppDelegate.m */; };
		18CA17C21856EF5500A26F5E /* Main.storyboard in Resources */ = {isa = PBXBuildFile; fileRef = 18CA17C01856EF5500A26F5E /* Main.storyboard */; };
		18CA17C71856EF5500A26F5E /* Images.xcassets in Resources */ = {isa = PBXBuildFile; fileRef = 18CA17C61856EF5500A26F5E /* Images.xcassets */; };
		18CA17CE1856EF5500A26F5E /* XCTest.framework in Frameworks */ = {isa = PBXBuildFile; fileRef = 18CA17CD1856EF5500A26F5E /* XCTest.framework */; };
		18CA17CF1856EF5500A26F5E /* Foundation.framework in Frameworks */ = {isa = PBXBuildFile; fileRef = 18CA17AE1856EF5500A26F5E /* Foundation.framework */; };
		18CA17D01856EF5500A26F5E /* UIKit.framework in Frameworks */ = {isa = PBXBuildFile; fileRef = 18CA17B21856EF5500A26F5E /* UIKit.framework */; };
		18CA17D81856EF5500A26F5E /* InfoPlist.strings in Resources */ = {isa = PBXBuildFile; fileRef = 18CA17D61856EF5500A26F5E /* InfoPlist.strings */; };
		18CA17DA1856EF5500A26F5E /* Day7MusicPlayerTests.m in Sources */ = {isa = PBXBuildFile; fileRef = 18CA17D91856EF5500A26F5E /* Day7MusicPlayerTests.m */; };
		18CA17E51856EF7800A26F5E /* TRMusicListViewController.m in Sources */ = {isa = PBXBuildFile; fileRef = 18CA17E41856EF7800A26F5E /* TRMusicListViewController.m */; };
		18CA17E81856F14800A26F5E /* TRViewController.m in Sources */ = {isa = PBXBuildFile; fileRef = 18CA17E71856F14800A26F5E /* TRViewController.m */; };
/* End PBXBuildFile section */

/* Begin PBXContainerItemProxy section */
		18CA17D11856EF5500A26F5E /* PBXContainerItemProxy */ = {
			isa = PBXContainerItemProxy;
			containerPortal = 18CA17A31856EF5500A26F5E /* Project object */;
			proxyType = 1;
			remoteGlobalIDString = 18CA17AA1856EF5500A26F5E;
			remoteInfo = Day7MusicPlayer;
		};
/* End PBXContainerItemProxy section */

/* Begin PBXFileReference section */
		18CA17AB1856EF5500A26F5E /* Day7MusicPlayer.app */ = {isa = PBXFileReference; explicitFileType = wrapper.application; includeInIndex = 0; path = Day7MusicPlayer.app; sourceTree = BUILT_PRODUCTS_DIR; };
		18CA17AE1856EF5500A26F5E /* Foundation.framework */ = {isa = PBXFileReference; lastKnownFileType = wrapper.framework; name = Foundation.framework; path = System/Library/Frameworks/Foundation.framework; sourceTree = SDKROOT; };
		18CA17B01856EF5500A26F5E /* CoreGraphics.framework */ = {isa = PBXFileReference; lastKnownFileType = wrapper.framework; name = CoreGraphics.framework; path = System/Library/Frameworks/CoreGraphics.framework; sourceTree = SDKROOT; };
		18CA17B21856EF5500A26F5E /* UIKit.framework */ = {isa = PBXFileReference; lastKnownFileType = wrapper.framework; name = UIKit.framework; path = System/Library/Frameworks/UIKit.framework; sourceTree = SDKROOT; };
		18CA17B61856EF5500A26F5E /* Day7MusicPlayer-Info.plist */ = {isa = PBXFileReference; lastKnownFileType = text.plist.xml; path = "Day7MusicPlayer-Info.plist"; sourceTree = "<group>"; };
		18CA17B81856EF5500A26F5E /* en */ = {isa = PBXFileReference; lastKnownFileType = text.plist.strings; name = en; path = en.lproj/InfoPlist.strings; sourceTree = "<group>"; };
		18CA17BA1856EF5500A26F5E /* main.m */ = {isa = PBXFileReference; lastKnownFileType = sourcecode.c.objc; path = main.m; sourceTree = "<group>"; };
		18CA17BC1856EF5500A26F5E /* Day7MusicPlayer-Prefix.pch */ = {isa = PBXFileReference; lastKnownFileType = sourcecode.c.h; path = "Day7MusicPlayer-Prefix.pch"; sourceTree = "<group>"; };
		18CA17BD1856EF5500A26F5E /* TRAppDelegate.h */ = {isa = PBXFileReference; lastKnownFileType = sourcecode.c.h; path = TRAppDelegate.h; sourceTree = "<group>"; };
		18CA17BE1856EF5500A26F5E /* TRAppDelegate.m */ = {isa = PBXFileReference; lastKnownFileType = sourcecode.c.objc; path = TRAppDelegate.m; sourceTree = "<group>"; };
		18CA17C11856EF5500A26F5E /* Base */ = {isa = PBXFileReference; lastKnownFileType = file.storyboard; name = Base; path = Base.lproj/Main.storyboard; sourceTree = "<group>"; };
		18CA17C61856EF5500A26F5E /* Images.xcassets */ = {isa = PBXFileReference; lastKnownFileType = folder.assetcatalog; path = Images.xcassets; sourceTree = "<group>"; };
		18CA17CC1856EF5500A26F5E /* Day7MusicPlayerTests.xctest */ = {isa = PBXFileReference; explicitFileType = wrapper.cfbundle; includeInIndex = 0; path = Day7MusicPlayerTests.xctest; sourceTree = BUILT_PRODUCTS_DIR; };
		18CA17CD1856EF5500A26F5E /* XCTest.framework */ = {isa = PBXFileReference; lastKnownFileType = wrapper.framework; name = XCTest.framework; path = Library/Frameworks/XCTest.framework; sourceTree = DEVELOPER_DIR; };
		18CA17D51856EF5500A26F5E /* Day7MusicPlayerTests-Info.plist */ = {isa = PBXFileReference; lastKnownFileType = text.plist.xml; path = "Day7MusicPlayerTests-Info.plist"; sourceTree = "<group>"; };
		18CA17D71856EF5500A26F5E /* en */ = {isa = PBXFileReference; lastKnownFileType = text.plist.strings; name = en; path = en.lproj/InfoPlist.strings; sourceTree = "<group>"; };
		18CA17D91856EF5500A26F5E /* Day7MusicPlayerTests.m */ = {isa = PBXFileReference; lastKnownFileType = sourcecode.c.objc; path = Day7MusicPlayerTests.m; sourceTree = "<group>"; };
		18CA17E31856EF7800A26F5E /* TRMusicListViewController.h */ = {isa = PBXFileReference; fileEncoding = 4; lastKnownFileType = sourcecode.c.h; path = TRMusicListViewController.h; sourceTree = "<group>"; };
		18CA17E41856EF7800A26F5E /* TRMusicListViewController.m */ = {isa = PBXFileReference; fileEncoding = 4; lastKnownFileType = sourcecode.c.objc; path = TRMusicListViewController.m; sourceTree = "<group>"; };
		18CA17E61856F14800A26F5E /* TRViewController.h */ = {isa = PBXFileReference; fileEncoding = 4; lastKnownFileType = sourcecode.c.h; path = TRViewController.h; sourceTree = "<group>"; };
		18CA17E71856F14800A26F5E /* TRViewController.m */ = {isa = PBXFileReference; fileEncoding = 4; lastKnownFileType = sourcecode.c.objc; path = TRViewController.m; sourceTree = "<group>"; };
/* End PBXFileReference section */

/* Begin PBXFrameworksBuildPhase section */
		18CA17A81856EF5500A26F5E /* Frameworks */ = {
			isa = PBXFrameworksBuildPhase;
			buildActionMask = 2147483647;
			files = (
				18CA17B11856EF5500A26F5E /* CoreGraphics.framework in Frameworks */,
				18CA17B31856EF5500A26F5E /* UIKit.framework in Frameworks */,
				18CA17AF1856EF5500A26F5E /* Foundation.framework in Frameworks */,
			);
			runOnlyForDeploymentPostprocessing = 0;
		};
		18CA17C91856EF5500A26F5E /* Frameworks */ = {
			isa = PBXFrameworksBuildPhase;
			buildActionMask = 2147483647;
			files = (
				18CA17CE1856EF5500A26F5E /* XCTest.framework in Frameworks */,
				18CA17D01856EF5500A26F5E /* UIKit.framework in Frameworks */,
				18CA17CF1856EF5500A26F5E /* Foundation.framework in Frameworks */,
			);
			runOnlyForDeploymentPostprocessing = 0;
		};
/* End PBXFrameworksBuildPhase section */

/* Begin PBXGroup section */
		18CA17A21856EF5500A26F5E = {
			isa = PBXGroup;
			children = (
				18CA17B41856EF5500A26F5E /* Day7MusicPlayer */,
				18CA17D31856EF5500A26F5E /* Day7MusicPlayerTests */,
				18CA17AD1856EF5500A26F5E /* Frameworks */,
				18CA17AC1856EF5500A26F5E /* Products */,
			);
			sourceTree = "<group>";
		};
		18CA17AC1856EF5500A26F5E /* Products */ = {
			isa = PBXGroup;
			children = (
				18CA17AB1856EF5500A26F5E /* Day7MusicPlayer.app */,
				18CA17CC1856EF5500A26F5E /* Day7MusicPlayerTests.xctest */,
			);
			name = Products;
			sourceTree = "<group>";
		};
		18CA17AD1856EF5500A26F5E /* Frameworks */ = {
			isa = PBXGroup;
			children = (
				18CA17AE1856EF5500A26F5E /* Foundation.framework */,
				18CA17B01856EF5500A26F5E /* CoreGraphics.framework */,
				18CA17B21856EF5500A26F5E /* UIKit.framework */,
				18CA17CD1856EF5500A26F5E /* XCTest.framework */,
			);
			name = Frameworks;
			sourceTree = "<group>";
		};
		18CA17B41856EF5500A26F5E /* Day7MusicPlayer */ = {
			isa = PBXGroup;
			children = (
				18CA17BD1856EF5500A26F5E /* TRAppDelegate.h */,
				18CA17BE1856EF5500A26F5E /* TRAppDelegate.m */,
				18CA17C01856EF5500A26F5E /* Main.storyboard */,
				18CA17E31856EF7800A26F5E /* TRMusicListViewController.h */,
				18CA17E41856EF7800A26F5E /* TRMusicListViewController.m */,
				18CA17E61856F14800A26F5E /* TRViewController.h */,
				18CA17E71856F14800A26F5E /* TRViewController.m */,
				18CA17C61856EF5500A26F5E /* Images.xcassets */,
				18CA17B51856EF5500A26F5E /* Supporting Files */,
			);
			path = Day7MusicPlayer;
			sourceTree = "<group>";
		};
		18CA17B51856EF5500A26F5E /* Supporting Files */ = {
			isa = PBXGroup;
			children = (
				18CA17B61856EF5500A26F5E /* Day7MusicPlayer-Info.plist */,
				18CA17B71856EF5500A26F5E /* InfoPlist.strings */,
				18CA17BA1856EF5500A26F5E /* main.m */,
				18CA17BC1856EF5500A26F5E /* Day7MusicPlayer-Prefix.pch */,
			);
			name = "Supporting Files";
			sourceTree = "<group>";
		};
		18CA17D31856EF5500A26F5E /* Day7MusicPlayerTests */ = {
			isa = PBXGroup;
			children = (
				18CA17D91856EF5500A26F5E /* Day7MusicPlayerTests.m */,
				18CA17D41856EF5500A26F5E /* Supporting Files */,
			);
			path = Day7MusicPlayerTests;
			sourceTree = "<group>";
		};
		18CA17D41856EF5500A26F5E /* Supporting Files */ = {
			isa = PBXGroup;
			children = (
				18CA17D51856EF5500A26F5E /* Day7MusicPlayerTests-Info.plist */,
				18CA17D61856EF5500A26F5E /* InfoPlist.strings */,
			);
			name = "Supporting Files";
			sourceTree = "<group>";
		};
/* End PBXGroup section */

/* Begin PBXNativeTarget section */
		18CA17AA1856EF5500A26F5E /* Day7MusicPlayer */ = {
			isa = PBXNativeTarget;
			buildConfigurationList = 18CA17DD1856EF5500A26F5E /* Build configuration list for PBXNativeTarget "Day7MusicPlayer" */;
			buildPhases = (
				18CA17A71856EF5500A26F5E /* Sources */,
				18CA17A81856EF5500A26F5E /* Frameworks */,
				18CA17A91856EF5500A26F5E /* Resources */,
			);
			buildRules = (
			);
			dependencies = (
			);
			name = Day7MusicPlayer;
			productName = Day7MusicPlayer;
			productReference = 18CA17AB1856EF5500A26F5E /* Day7MusicPlayer.app */;
			productType = "com.apple.product-type.application";
		};
		18CA17CB1856EF5500A26F5E /* Day7MusicPlayerTests */ = {
			isa = PBXNativeTarget;
			buildConfigurationList = 18CA17E01856EF5500A26F5E /* Build configuration list for PBXNativeTarget "Day7MusicPlayerTests" */;
			buildPhases = (
				18CA17C81856EF5500A26F5E /* Sources */,
				18CA17C91856EF5500A26F5E /* Frameworks */,
				18CA17CA1856EF5500A26F5E /* Resources */,
			);
			buildRules = (
			);
			dependencies = (
				18CA17D21856EF5500A26F5E /* PBXTargetDependency */,
			);
			name = Day7MusicPlayerTests;
			productName = Day7MusicPlayerTests;
			productReference = 18CA17CC1856EF5500A26F5E /* Day7MusicPlayerTests.xctest */;
			productType = "com.apple.product-type.bundle.unit-test";
		};
/* End PBXNativeTarget section */

/* Begin PBXProject section */
		18CA17A31856EF5500A26F5E /* Project object */ = {
			isa = PBXProject;
			attributes = {
				CLASSPREFIX = TR;
				LastUpgradeCheck = 0500;
				ORGANIZATIONNAME = Tarena;
				TargetAttributes = {
					18CA17CB1856EF5500A26F5E = {
						TestTargetID = 18CA17AA1856EF5500A26F5E;
					};
				};
			};
			buildConfigurationList = 18CA17A61856EF5500A26F5E /* Build configuration list for PBXProject "Day7MusicPlayer" */;
			compatibilityVersion = "Xcode 3.2";
			developmentRegion = English;
			hasScannedForEncodings = 0;
			knownRegions = (
				en,
				Base,
			);
			mainGroup = 18CA17A21856EF5500A26F5E;
			productRefGroup = 18CA17AC1856EF5500A26F5E /* Products */;
			projectDirPath = "";
			projectRoot = "";
			targets = (
				18CA17AA1856EF5500A26F5E /* Day7MusicPlayer */,
				18CA17CB1856EF5500A26F5E /* Day7MusicPlayerTests */,
			);
		};
/* End PBXProject section */

/* Begin PBXResourcesBuildPhase section */
		18CA17A91856EF5500A26F5E /* Resources */ = {
			isa = PBXResourcesBuildPhase;
			buildActionMask = 2147483647;
			files = (
				18CA17C71856EF5500A26F5E /* Images.xcassets in Resources */,
				18CA17B91856EF5500A26F5E /* InfoPlist.strings in Resources */,
				18CA17C21856EF5500A26F5E /* Main.storyboard in Resources */,
			);
			runOnlyForDeploymentPostprocessing = 0;
		};
		18CA17CA1856EF5500A26F5E /* Resources */ = {
			isa = PBXResourcesBuildPhase;
			buildActionMask = 2147483647;
			files = (
				18CA17D81856EF5500A26F5E /* InfoPlist.strings in Resources */,
			);
			runOnlyForDeploymentPostprocessing = 0;
		};
/* End PBXResourcesBuildPhase section */

/* Begin PBXSourcesBuildPhase section */
		18CA17A71856EF5500A26F5E /* Sources */ = {
			isa = PBXSourcesBuildPhase;
			buildActionMask = 2147483647;
			files = (
				18CA17E51856EF7800A26F5E /* TRMusicListViewController.m in Sources */,
				18CA17BF1856EF5500A26F5E /* TRAppDelegate.m in Sources */,
				18CA17E81856F14800A26F5E /* TRViewController.m in Sources */,
				18CA17BB1856EF5500A26F5E /* main.m in Sources */,
			);
			runOnlyForDeploymentPostprocessing = 0;
		};
		18CA17C81856EF5500A26F5E /* Sources */ = {
			isa = PBXSourcesBuildPhase;
			buildActionMask = 2147483647;
			files = (
				18CA17DA1856EF5500A26F5E /* Day7MusicPlayerTests.m in Sources */,
			);
			runOnlyForDeploymentPostprocessing = 0;
		};
/* End PBXSourcesBuildPhase section */

/* Begin PBXTargetDependency section */
		18CA17D21856EF5500A26F5E /* PBXTargetDependency */ = {
			isa = PBXTargetDependency;
			target = 18CA17AA1856EF5500A26F5E /* Day7MusicPlayer */;
			targetProxy = 18CA17D11856EF5500A26F5E /* PBXContainerItemProxy */;
		};
/* End PBXTargetDependency section */

/* Begin PBXVariantGroup section */
		18CA17B71856EF5500A26F5E /* InfoPlist.strings */ = {
			isa = PBXVariantGroup;
			children = (
				18CA17B81856EF5500A26F5E /* en */,
			);
			name = InfoPlist.strings;
			sourceTree = "<group>";
		};
		18CA17C01856EF5500A26F5E /* Main.storyboard */ = {
			isa = PBXVariantGroup;
			children = (
				18CA17C11856EF5500A26F5E /* Base */,
			);
			name = Main.storyboard;
			sourceTree = "<group>";
		};
		18CA17D61856EF5500A26F5E /* InfoPlist.strings */ = {
			isa = PBXVariantGroup;
			children = (
				18CA17D71856EF5500A26F5E /* en */,
			);
			name = InfoPlist.strings;
			sourceTree = "<group>";
		};
/* End PBXVariantGroup section */

/* Begin XCBuildConfiguration section */
		18CA17DB1856EF5500A26F5E /* Debug */ = {
			isa = XCBuildConfiguration;
			buildSettings = {
				ALWAYS_SEARCH_USER_PATHS = NO;
				ARCHS = "$(ARCHS_STANDARD_INCLUDING_64_BIT)";
				CLANG_CXX_LANGUAGE_STANDARD = "gnu++0x";
				CLANG_CXX_LIBRARY = "libc++";
				CLANG_ENABLE_MODULES = YES;
				CLANG_ENABLE_OBJC_ARC = YES;
				CLANG_WARN_BOOL_CONVERSION = YES;
				CLANG_WARN_CONSTANT_CONVERSION = YES;
				CLANG_WARN_DIRECT_OBJC_ISA_USAGE = YES_ERROR;
				CLANG_WARN_EMPTY_BODY = YES;
				CLANG_WARN_ENUM_CONVERSION = YES;
				CLANG_WARN_INT_CONVERSION = YES;
				CLANG_WARN_OBJC_ROOT_CLASS = YES_ERROR;
				CLANG_WARN__DUPLICATE_METHOD_MATCH = YES;
				"CODE_SIGN_IDENTITY[sdk=iphoneos*]" = "iPhone Developer";
				COPY_PHASE_STRIP = NO;
				GCC_C_LANGUAGE_STANDARD = gnu99;
				GCC_DYNAMIC_NO_PIC = NO;
				GCC_OPTIMIZATION_LEVEL = 0;
				GCC_PREPROCESSOR_DEFINITIONS = (
					"DEBUG=1",
					"$(inherited)",
				);
				GCC_SYMBOLS_PRIVATE_EXTERN = NO;
				GCC_WARN_64_TO_32_BIT_CONVERSION = YES;
				GCC_WARN_ABOUT_RETURN_TYPE = YES_ERROR;
				GCC_WARN_UNDECLARED_SELECTOR = YES;
				GCC_WARN_UNINITIALIZED_AUTOS = YES;
				GCC_WARN_UNUSED_FUNCTION = YES;
				GCC_WARN_UNUSED_VARIABLE = YES;
				IPHONEOS_DEPLOYMENT_TARGET = 7.0;
				ONLY_ACTIVE_ARCH = YES;
				SDKROOT = iphoneos;
			};
			name = Debug;
		};
		18CA17DC1856EF5500A26F5E /* Release */ = {
			isa = XCBuildConfiguration;
			buildSettings = {
				ALWAYS_SEARCH_USER_PATHS = NO;
				ARCHS = "$(ARCHS_STANDARD_INCLUDING_64_BIT)";
				CLANG_CXX_LANGUAGE_STANDARD = "gnu++0x";
				CLANG_CXX_LIBRARY = "libc++";
				CLANG_ENABLE_MODULES = YES;
				CLANG_ENABLE_OBJC_ARC = YES;
				CLANG_WARN_BOOL_CONVERSION = YES;
				CLANG_WARN_CONSTANT_CONVERSION = YES;
				CLANG_WARN_DIRECT_OBJC_ISA_USAGE = YES_ERROR;
				CLANG_WARN_EMPTY_BODY = YES;
				CLANG_WARN_ENUM_CONVERSION = YES;
				CLANG_WARN_INT_CONVERSION = YES;
				CLANG_WARN_OBJC_ROOT_CLASS = YES_ERROR;
				CLANG_WARN__DUPLICATE_METHOD_MATCH = YES;
				"CODE_SIGN_IDENTITY[sdk=iphoneos*]" = "iPhone Developer";
				COPY_PHASE_STRIP = YES;
				ENABLE_NS_ASSERTIONS = NO;
				GCC_C_LANGUAGE_STANDARD = gnu99;
				GCC_WARN_64_TO_32_BIT_CONVERSION = YES;
				GCC_WARN_ABOUT_RETURN_TYPE = YES_ERROR;
				GCC_WARN_UNDECLARED_SELECTOR = YES;
				GCC_WARN_UNINITIALIZED_AUTOS = YES;
				GCC_WARN_UNUSED_FUNCTION = YES;
				GCC_WARN_UNUSED_VARIABLE = YES;
				IPHONEOS_DEPLOYMENT_TARGET = 7.0;
				SDKROOT = iphoneos;
				VALIDATE_PRODUCT = YES;
			};
			name = Release;
		};
		18CA17DE1856EF5500A26F5E /* Debug */ = {
			isa = XCBuildConfiguration;
			buildSettings = {
				ASSETCATALOG_COMPILER_APPICON_NAME = AppIcon;
				ASSETCATALOG_COMPILER_LAUNCHIMAGE_NAME = LaunchImage;
				GCC_PRECOMPILE_PREFIX_HEADER = YES;
				GCC_PREFIX_HEADER = "Day7MusicPlayer/Day7MusicPlayer-Prefix.pch";
				INFOPLIST_FILE = "Day7MusicPlayer/Day7MusicPlayer-Info.plist";
				PRODUCT_NAME = "$(TARGET_NAME)";
				WRAPPER_EXTENSION = app;
			};
			name = Debug;
		};
		18CA17DF1856EF5500A26F5E /* Release */ = {
			isa = XCBuildConfiguration;
			buildSettings = {
				ASSETCATALOG_COMPILER_APPICON_NAME = AppIcon;
				ASSETCATALOG_COMPILER_LAUNCHIMAGE_NAME = LaunchImage;
				GCC_PRECOMPILE_PREFIX_HEADER = YES;
				GCC_PREFIX_HEADER = "Day7MusicPlayer/Day7MusicPlayer-Prefix.pch";
				INFOPLIST_FILE = "Day7MusicPlayer/Day7MusicPlayer-Info.plist";
				PRODUCT_NAME = "$(TARGET_NAME)";
				WRAPPER_EXTENSION = app;
			};
			name = Release;
		};
		18CA17E11856EF5500A26F5E /* Debug */ = {
			isa = XCBuildConfiguration;
			buildSettings = {
				ARCHS = "$(ARCHS_STANDARD_INCLUDING_64_BIT)";
				BUNDLE_LOADER = "$(BUILT_PRODUCTS_DIR)/Day7MusicPlayer.app/Day7MusicPlayer";
				FRAMEWORK_SEARCH_PATHS = (
					"$(SDKROOT)/Developer/Library/Frameworks",
					"$(inherited)",
					"$(DEVELOPER_FRAMEWORKS_DIR)",
				);
				GCC_PRECOMPILE_PREFIX_HEADER = YES;
				GCC_PREFIX_HEADER = "Day7MusicPlayer/Day7MusicPlayer-Prefix.pch";
				GCC_PREPROCESSOR_DEFINITIONS = (
					"DEBUG=1",
					"$(inherited)",
				);
				INFOPLIST_FILE = "Day7MusicPlayerTests/Day7MusicPlayerTests-Info.plist";
				PRODUCT_NAME = "$(TARGET_NAME)";
				TEST_HOST = "$(BUNDLE_LOADER)";
				WRAPPER_EXTENSION = xctest;
			};
			name = Debug;
		};
		18CA17E21856EF5500A26F5E /* Release */ = {
			isa = XCBuildConfiguration;
			buildSettings = {
				ARCHS = "$(ARCHS_STANDARD_INCLUDING_64_BIT)";
				BUNDLE_LOADER = "$(BUILT_PRODUCTS_DIR)/Day7MusicPlayer.app/Day7MusicPlayer";
				FRAMEWORK_SEARCH_PATHS = (
					"$(SDKROOT)/Developer/Library/Frameworks",
					"$(inherited)",
					"$(DEVELOPER_FRAMEWORKS_DIR)",
				);
				GCC_PRECOMPILE_PREFIX_HEADER = YES;
				GCC_PREFIX_HEADER = "Day7MusicPlayer/Day7MusicPlayer-Prefix.pch";
				INFOPLIST_FILE = "Day7MusicPlayerTests/Day7MusicPlayerTests-Info.plist";
				PRODUCT_NAME = "$(TARGET_NAME)";
				TEST_HOST = "$(BUNDLE_LOADER)";
				WRAPPER_EXTENSION = xctest;
			};
			name = Release;
		};
/* End XCBuildConfiguration section */

/* Begin XCConfigurationList section */
		18CA17A61856EF5500A26F5E /* Build configuration list for PBXProject "Day7MusicPlayer" */ = {
			isa = XCConfigurationList;
			buildConfigurations = (
				18CA17DB1856EF5500A26F5E /* Debug */,
				18CA17DC1856EF5500A26F5E /* Release */,
			);
			defaultConfigurationIsVisible = 0;
			defaultConfigurationName = Release;
		};
		18CA17DD1856EF5500A26F5E /* Build configuration list for PBXNativeTarget "Day7MusicPlayer" */ = {
			isa = XCConfigurationList;
			buildConfigurations = (
				18CA17DE1856EF5500A26F5E /* Debug */,
				18CA17DF1856EF5500A26F5E /* Release */,
			);
			defaultConfigurationIsVisible = 0;
			defaultConfigurationName = Release;
		};
		18CA17E01856EF5500A26F5E /* Build configuration list for PBXNativeTarget "Day7MusicPlayerTests" */ = {
			isa = XCConfigurationList;
			buildConfigurations = (
				18CA17E11856EF5500A26F5E /* Debug */,
				18CA17E21856EF5500A26F5E /* Release */,
			);
			defaultConfigurationIsVisible = 0;
			defaultConfigurationName = Release;
		};
/* End XCConfigurationList section */
	};
	rootObject = 18CA17A31856EF5500A26F5E /* Project object */;
}
