// !$*UTF8*$!
{
	archiveVersion = 1;
	classes = {
	};
	objectVersion = 48;
	objects = {

/* Begin PBXBuildFile section */
		1439CDA12092CD620089E5D1 /* crypt.c in Sources */ = {isa = PBXBuildFile; fileRef = 1439CD7A2092CD610089E5D1 /* crypt.c */; };
		1439CDA22092CD620089E5D1 /* unzip.c in Sources */ = {isa = PBXBuildFile; fileRef = 1439CD7B2092CD610089E5D1 /* unzip.c */; };
		1439CDA32092CD620089E5D1 /* zip.c in Sources */ = {isa = PBXBuildFile; fileRef = 1439CD7C2092CD610089E5D1 /* zip.c */; };
		1439CDA42092CD620089E5D1 /* ioapi.c in Sources */ = {isa = PBXBuildFile; fileRef = 1439CD7E2092CD610089E5D1 /* ioapi.c */; };
		1439CDA52092CD620089E5D1 /* ioapi_buf.c in Sources */ = {isa = PBXBuildFile; fileRef = 1439CD802092CD610089E5D1 /* ioapi_buf.c */; };
		1439CDA62092CD620089E5D1 /* ioapi_mem.c in Sources */ = {isa = PBXBuildFile; fileRef = 1439CD842092CD610089E5D1 /* ioapi_mem.c */; };
		1439CDA72092CD620089E5D1 /* minishared.c in Sources */ = {isa = PBXBuildFile; fileRef = 1439CD852092CD610089E5D1 /* minishared.c */; };
		1439CDA82092CD620089E5D1 /* aeskey.c in Sources */ = {isa = PBXBuildFile; fileRef = 1439CD8B2092CD610089E5D1 /* aeskey.c */; };
		1439CDA92092CD620089E5D1 /* hmac.c in Sources */ = {isa = PBXBuildFile; fileRef = 1439CD8C2092CD610089E5D1 /* hmac.c */; };
		1439CDAA2092CD620089E5D1 /* aescrypt.c in Sources */ = {isa = PBXBuildFile; fileRef = 1439CD8F2092CD610089E5D1 /* aescrypt.c */; };
		1439CDAB2092CD620089E5D1 /* fileenc.c in Sources */ = {isa = PBXBuildFile; fileRef = 1439CD902092CD610089E5D1 /* fileenc.c */; };
		1439CDAC2092CD620089E5D1 /* sha1.c in Sources */ = {isa = PBXBuildFile; fileRef = 1439CD922092CD610089E5D1 /* sha1.c */; };
		1439CDAD2092CD620089E5D1 /* aes_ni.c in Sources */ = {isa = PBXBuildFile; fileRef = 1439CD952092CD610089E5D1 /* aes_ni.c */; };
		1439CDAE2092CD620089E5D1 /* prng.c in Sources */ = {isa = PBXBuildFile; fileRef = 1439CD972092CD610089E5D1 /* prng.c */; };
		1439CDAF2092CD620089E5D1 /* pwd2key.c in Sources */ = {isa = PBXBuildFile; fileRef = 1439CD992092CD610089E5D1 /* pwd2key.c */; };
		1439CDB02092CD620089E5D1 /* aestab.c in Sources */ = {isa = PBXBuildFile; fileRef = 1439CD9A2092CD610089E5D1 /* aestab.c */; };
		1439CDB12092CD620089E5D1 /* SSZipArchive.m in Sources */ = {isa = PBXBuildFile; fileRef = 1439CD9F2092CD610089E5D1 /* SSZipArchive.m */; };
		143C24232089998500543BBA /* ViewController26.m in Sources */ = {isa = PBXBuildFile; fileRef = 143C24172089998500543BBA /* ViewController26.m */; };
		143C24242089998500543BBA /* Assets.xcassets in Resources */ = {isa = PBXBuildFile; fileRef = 143C24192089998500543BBA /* Assets.xcassets */; };
		143C24252089998500543BBA /* LaunchScreen.storyboard in Resources */ = {isa = PBXBuildFile; fileRef = 143C241A2089998500543BBA /* LaunchScreen.storyboard */; };
		143C24262089998500543BBA /* Main.storyboard in Resources */ = {isa = PBXBuildFile; fileRef = 143C241C2089998500543BBA /* Main.storyboard */; };
		143C24272089998500543BBA /* main.m in Sources */ = {isa = PBXBuildFile; fileRef = 143C241E2089998500543BBA /* main.m */; };
		143C24292089998500543BBA /* AppDelegate.m in Sources */ = {isa = PBXBuildFile; fileRef = 143C24202089998500543BBA /* AppDelegate.m */; };
		1445BFC1209073D400850141 /* XTJTool.m in Sources */ = {isa = PBXBuildFile; fileRef = 1445BFBF209073D400850141 /* XTJTool.m */; };
		1445BFC42090741300850141 /* XTJMaterial.bundle in Resources */ = {isa = PBXBuildFile; fileRef = 1445BFC32090741300850141 /* XTJMaterial.bundle */; };
		14770AA4208DC0EB00726420 /* ViewController26.xib in Resources */ = {isa = PBXBuildFile; fileRef = 14770AA3208DC0EB00726420 /* ViewController26.xib */; };
		14AE1EF320931EF300895BC9 /* XTJCoreNetworkManager.m in Sources */ = {isa = PBXBuildFile; fileRef = 14AE1EEA20931EF300895BC9 /* XTJCoreNetworkManager.m */; };
		14AE1F0320931F4800895BC9 /* AFURLResponseSerialization.m in Sources */ = {isa = PBXBuildFile; fileRef = 14AE1EFA20931F4800895BC9 /* AFURLResponseSerialization.m */; };
		14AE1F0420931F4800895BC9 /* AFHTTPSessionManager.m in Sources */ = {isa = PBXBuildFile; fileRef = 14AE1EFB20931F4800895BC9 /* AFHTTPSessionManager.m */; };
		14AE1F0520931F4800895BC9 /* AFURLSessionManager.m in Sources */ = {isa = PBXBuildFile; fileRef = 14AE1EFD20931F4800895BC9 /* AFURLSessionManager.m */; };
		14AE1F0620931F4800895BC9 /* AFURLRequestSerialization.m in Sources */ = {isa = PBXBuildFile; fileRef = 14AE1EFE20931F4800895BC9 /* AFURLRequestSerialization.m */; };
		14AE1F0720931F4800895BC9 /* AFNetworkReachabilityManager.m in Sources */ = {isa = PBXBuildFile; fileRef = 14AE1F0020931F4800895BC9 /* AFNetworkReachabilityManager.m */; };
		14AE1F0820931F4800895BC9 /* AFSecurityPolicy.m in Sources */ = {isa = PBXBuildFile; fileRef = 14AE1F0120931F4800895BC9 /* AFSecurityPolicy.m */; };
/* End PBXBuildFile section */

/* Begin PBXFileReference section */
		1439CD752092CC5A0089E5D1 /* libz.tbd */ = {isa = PBXFileReference; lastKnownFileType = "sourcecode.text-based-dylib-definition"; name = libz.tbd; path = usr/lib/libz.tbd; sourceTree = SDKROOT; };
		1439CD782092CD610089E5D1 /* ZipArchive.h */ = {isa = PBXFileReference; fileEncoding = 4; lastKnownFileType = sourcecode.c.h; path = ZipArchive.h; sourceTree = "<group>"; };
		1439CD7A2092CD610089E5D1 /* crypt.c */ = {isa = PBXFileReference; fileEncoding = 4; lastKnownFileType = sourcecode.c.c; path = crypt.c; sourceTree = "<group>"; };
		1439CD7B2092CD610089E5D1 /* unzip.c */ = {isa = PBXFileReference; fileEncoding = 4; lastKnownFileType = sourcecode.c.c; path = unzip.c; sourceTree = "<group>"; };
		1439CD7C2092CD610089E5D1 /* zip.c */ = {isa = PBXFileReference; fileEncoding = 4; lastKnownFileType = sourcecode.c.c; path = zip.c; sourceTree = "<group>"; };
		1439CD7D2092CD610089E5D1 /* minishared.h */ = {isa = PBXFileReference; fileEncoding = 4; lastKnownFileType = sourcecode.c.h; path = minishared.h; sourceTree = "<group>"; };
		1439CD7E2092CD610089E5D1 /* ioapi.c */ = {isa = PBXFileReference; fileEncoding = 4; lastKnownFileType = sourcecode.c.c; path = ioapi.c; sourceTree = "<group>"; };
		1439CD7F2092CD610089E5D1 /* ioapi_mem.h */ = {isa = PBXFileReference; fileEncoding = 4; lastKnownFileType = sourcecode.c.h; path = ioapi_mem.h; sourceTree = "<group>"; };
		1439CD802092CD610089E5D1 /* ioapi_buf.c */ = {isa = PBXFileReference; fileEncoding = 4; lastKnownFileType = sourcecode.c.c; path = ioapi_buf.c; sourceTree = "<group>"; };
		1439CD812092CD610089E5D1 /* crypt.h */ = {isa = PBXFileReference; fileEncoding = 4; lastKnownFileType = sourcecode.c.h; path = crypt.h; sourceTree = "<group>"; };
		1439CD822092CD610089E5D1 /* zip.h */ = {isa = PBXFileReference; fileEncoding = 4; lastKnownFileType = sourcecode.c.h; path = zip.h; sourceTree = "<group>"; };
		1439CD832092CD610089E5D1 /* unzip.h */ = {isa = PBXFileReference; fileEncoding = 4; lastKnownFileType = sourcecode.c.h; path = unzip.h; sourceTree = "<group>"; };
		1439CD842092CD610089E5D1 /* ioapi_mem.c */ = {isa = PBXFileReference; fileEncoding = 4; lastKnownFileType = sourcecode.c.c; path = ioapi_mem.c; sourceTree = "<group>"; };
		1439CD852092CD610089E5D1 /* minishared.c */ = {isa = PBXFileReference; fileEncoding = 4; lastKnownFileType = sourcecode.c.c; path = minishared.c; sourceTree = "<group>"; };
		1439CD862092CD610089E5D1 /* ioapi.h */ = {isa = PBXFileReference; fileEncoding = 4; lastKnownFileType = sourcecode.c.h; path = ioapi.h; sourceTree = "<group>"; };
		1439CD872092CD610089E5D1 /* ioapi_buf.h */ = {isa = PBXFileReference; fileEncoding = 4; lastKnownFileType = sourcecode.c.h; path = ioapi_buf.h; sourceTree = "<group>"; };
		1439CD892092CD610089E5D1 /* prng.h */ = {isa = PBXFileReference; fileEncoding = 4; lastKnownFileType = sourcecode.c.h; path = prng.h; sourceTree = "<group>"; };
		1439CD8A2092CD610089E5D1 /* aes_ni.h */ = {isa = PBXFileReference; fileEncoding = 4; lastKnownFileType = sourcecode.c.h; path = aes_ni.h; sourceTree = "<group>"; };
		1439CD8B2092CD610089E5D1 /* aeskey.c */ = {isa = PBXFileReference; fileEncoding = 4; lastKnownFileType = sourcecode.c.c; path = aeskey.c; sourceTree = "<group>"; };
		1439CD8C2092CD610089E5D1 /* hmac.c */ = {isa = PBXFileReference; fileEncoding = 4; lastKnownFileType = sourcecode.c.c; path = hmac.c; sourceTree = "<group>"; };
		1439CD8D2092CD610089E5D1 /* aestab.h */ = {isa = PBXFileReference; fileEncoding = 4; lastKnownFileType = sourcecode.c.h; path = aestab.h; sourceTree = "<group>"; };
		1439CD8E2092CD610089E5D1 /* pwd2key.h */ = {isa = PBXFileReference; fileEncoding = 4; lastKnownFileType = sourcecode.c.h; path = pwd2key.h; sourceTree = "<group>"; };
		1439CD8F2092CD610089E5D1 /* aescrypt.c */ = {isa = PBXFileReference; fileEncoding = 4; lastKnownFileType = sourcecode.c.c; path = aescrypt.c; sourceTree = "<group>"; };
		1439CD902092CD610089E5D1 /* fileenc.c */ = {isa = PBXFileReference; fileEncoding = 4; lastKnownFileType = sourcecode.c.c; path = fileenc.c; sourceTree = "<group>"; };
		1439CD912092CD610089E5D1 /* aesopt.h */ = {isa = PBXFileReference; fileEncoding = 4; lastKnownFileType = sourcecode.c.h; path = aesopt.h; sourceTree = "<group>"; };
		1439CD922092CD610089E5D1 /* sha1.c */ = {isa = PBXFileReference; fileEncoding = 4; lastKnownFileType = sourcecode.c.c; path = sha1.c; sourceTree = "<group>"; };
		1439CD932092CD610089E5D1 /* brg_types.h */ = {isa = PBXFileReference; fileEncoding = 4; lastKnownFileType = sourcecode.c.h; path = brg_types.h; sourceTree = "<group>"; };
		1439CD942092CD610089E5D1 /* hmac.h */ = {isa = PBXFileReference; fileEncoding = 4; lastKnownFileType = sourcecode.c.h; path = hmac.h; sourceTree = "<group>"; };
		1439CD952092CD610089E5D1 /* aes_ni.c */ = {isa = PBXFileReference; fileEncoding = 4; lastKnownFileType = sourcecode.c.c; path = aes_ni.c; sourceTree = "<group>"; };
		1439CD962092CD610089E5D1 /* brg_endian.h */ = {isa = PBXFileReference; fileEncoding = 4; lastKnownFileType = sourcecode.c.h; path = brg_endian.h; sourceTree = "<group>"; };
		1439CD972092CD610089E5D1 /* prng.c */ = {isa = PBXFileReference; fileEncoding = 4; lastKnownFileType = sourcecode.c.c; path = prng.c; sourceTree = "<group>"; };
		1439CD982092CD610089E5D1 /* aes.h */ = {isa = PBXFileReference; fileEncoding = 4; lastKnownFileType = sourcecode.c.h; path = aes.h; sourceTree = "<group>"; };
		1439CD992092CD610089E5D1 /* pwd2key.c */ = {isa = PBXFileReference; fileEncoding = 4; lastKnownFileType = sourcecode.c.c; path = pwd2key.c; sourceTree = "<group>"; };
		1439CD9A2092CD610089E5D1 /* aestab.c */ = {isa = PBXFileReference; fileEncoding = 4; lastKnownFileType = sourcecode.c.c; path = aestab.c; sourceTree = "<group>"; };
		1439CD9B2092CD610089E5D1 /* sha1.h */ = {isa = PBXFileReference; fileEncoding = 4; lastKnownFileType = sourcecode.c.h; path = sha1.h; sourceTree = "<group>"; };
		1439CD9C2092CD610089E5D1 /* fileenc.h */ = {isa = PBXFileReference; fileEncoding = 4; lastKnownFileType = sourcecode.c.h; path = fileenc.h; sourceTree = "<group>"; };
		1439CD9D2092CD610089E5D1 /* SSZipArchive.h */ = {isa = PBXFileReference; fileEncoding = 4; lastKnownFileType = sourcecode.c.h; path = SSZipArchive.h; sourceTree = "<group>"; };
		1439CD9E2092CD610089E5D1 /* SSZipCommon.h */ = {isa = PBXFileReference; fileEncoding = 4; lastKnownFileType = sourcecode.c.h; path = SSZipCommon.h; sourceTree = "<group>"; };
		1439CD9F2092CD610089E5D1 /* SSZipArchive.m */ = {isa = PBXFileReference; fileEncoding = 4; lastKnownFileType = sourcecode.c.objc; path = SSZipArchive.m; sourceTree = "<group>"; };
		143C24152089998500543BBA /* AppDelegate.h */ = {isa = PBXFileReference; fileEncoding = 4; lastKnownFileType = sourcecode.c.h; path = AppDelegate.h; sourceTree = "<group>"; };
		143C24172089998500543BBA /* ViewController26.m */ = {isa = PBXFileReference; fileEncoding = 4; lastKnownFileType = sourcecode.c.objc; path = ViewController26.m; sourceTree = "<group>"; };
		143C24192089998500543BBA /* Assets.xcassets */ = {isa = PBXFileReference; lastKnownFileType = folder.assetcatalog; path = Assets.xcassets; sourceTree = "<group>"; };
		143C241B2089998500543BBA /* Base */ = {isa = PBXFileReference; lastKnownFileType = file.storyboard; name = Base; path = Base.lproj/LaunchScreen.storyboard; sourceTree = "<group>"; };
		143C241D2089998500543BBA /* Base */ = {isa = PBXFileReference; lastKnownFileType = file.storyboard; name = Base; path = Base.lproj/Main.storyboard; sourceTree = "<group>"; };
		143C241E2089998500543BBA /* main.m */ = {isa = PBXFileReference; fileEncoding = 4; lastKnownFileType = sourcecode.c.objc; path = main.m; sourceTree = "<group>"; };
		143C241F2089998500543BBA /* Info.plist */ = {isa = PBXFileReference; fileEncoding = 4; lastKnownFileType = text.plist.xml; path = Info.plist; sourceTree = "<group>"; };
		143C24202089998500543BBA /* AppDelegate.m */ = {isa = PBXFileReference; fileEncoding = 4; lastKnownFileType = sourcecode.c.objc; path = AppDelegate.m; sourceTree = "<group>"; };
		143C24212089998500543BBA /* ViewController26.h */ = {isa = PBXFileReference; fileEncoding = 4; lastKnownFileType = sourcecode.c.h; path = ViewController26.h; sourceTree = "<group>"; };
		1445BFBD209073D400850141 /* XTJRootDefine.h */ = {isa = PBXFileReference; fileEncoding = 4; lastKnownFileType = sourcecode.c.h; path = XTJRootDefine.h; sourceTree = "<group>"; };
		1445BFBE209073D400850141 /* XTJToolConfig.h */ = {isa = PBXFileReference; fileEncoding = 4; lastKnownFileType = sourcecode.c.h; path = XTJToolConfig.h; sourceTree = "<group>"; };
		1445BFBF209073D400850141 /* XTJTool.m */ = {isa = PBXFileReference; fileEncoding = 4; lastKnownFileType = sourcecode.c.objc; path = XTJTool.m; sourceTree = "<group>"; };
		1445BFC0209073D400850141 /* XTJTool.h */ = {isa = PBXFileReference; fileEncoding = 4; lastKnownFileType = sourcecode.c.h; path = XTJTool.h; sourceTree = "<group>"; };
		1445BFC32090741300850141 /* XTJMaterial.bundle */ = {isa = PBXFileReference; lastKnownFileType = "wrapper.plug-in"; path = XTJMaterial.bundle; sourceTree = "<group>"; };
		145D3EFC201031B6000AC3CD /* Test_SceneKit_26_HitTest.app */ = {isa = PBXFileReference; explicitFileType = wrapper.application; includeInIndex = 0; path = Test_SceneKit_26_HitTest.app; sourceTree = BUILT_PRODUCTS_DIR; };
		14770AA3208DC0EB00726420 /* ViewController26.xib */ = {isa = PBXFileReference; lastKnownFileType = file.xib; path = ViewController26.xib; sourceTree = "<group>"; };
		14AE1EE420931EF300895BC9 /* XTJCoreNetworkManager.h */ = {isa = PBXFileReference; fileEncoding = 4; lastKnownFileType = sourcecode.c.h; path = XTJCoreNetworkManager.h; sourceTree = "<group>"; };
		14AE1EEA20931EF300895BC9 /* XTJCoreNetworkManager.m */ = {isa = PBXFileReference; fileEncoding = 4; lastKnownFileType = sourcecode.c.objc; path = XTJCoreNetworkManager.m; sourceTree = "<group>"; };
		14AE1EEB20931EF300895BC9 /* XTJNetworkConfig.h */ = {isa = PBXFileReference; fileEncoding = 4; lastKnownFileType = sourcecode.c.h; path = XTJNetworkConfig.h; sourceTree = "<group>"; };
		14AE1EF620931F4800895BC9 /* AFSecurityPolicy.h */ = {isa = PBXFileReference; fileEncoding = 4; lastKnownFileType = sourcecode.c.h; path = AFSecurityPolicy.h; sourceTree = "<group>"; };
		14AE1EF720931F4800895BC9 /* AFNetworkReachabilityManager.h */ = {isa = PBXFileReference; fileEncoding = 4; lastKnownFileType = sourcecode.c.h; path = AFNetworkReachabilityManager.h; sourceTree = "<group>"; };
		14AE1EF820931F4800895BC9 /* AFURLSessionManager.h */ = {isa = PBXFileReference; fileEncoding = 4; lastKnownFileType = sourcecode.c.h; path = AFURLSessionManager.h; sourceTree = "<group>"; };
		14AE1EF920931F4800895BC9 /* AFURLRequestSerialization.h */ = {isa = PBXFileReference; fileEncoding = 4; lastKnownFileType = sourcecode.c.h; path = AFURLRequestSerialization.h; sourceTree = "<group>"; };
		14AE1EFA20931F4800895BC9 /* AFURLResponseSerialization.m */ = {isa = PBXFileReference; fileEncoding = 4; lastKnownFileType = sourcecode.c.objc; path = AFURLResponseSerialization.m; sourceTree = "<group>"; };
		14AE1EFB20931F4800895BC9 /* AFHTTPSessionManager.m */ = {isa = PBXFileReference; fileEncoding = 4; lastKnownFileType = sourcecode.c.objc; path = AFHTTPSessionManager.m; sourceTree = "<group>"; };
		14AE1EFC20931F4800895BC9 /* AFURLResponseSerialization.h */ = {isa = PBXFileReference; fileEncoding = 4; lastKnownFileType = sourcecode.c.h; path = AFURLResponseSerialization.h; sourceTree = "<group>"; };
		14AE1EFD20931F4800895BC9 /* AFURLSessionManager.m */ = {isa = PBXFileReference; fileEncoding = 4; lastKnownFileType = sourcecode.c.objc; path = AFURLSessionManager.m; sourceTree = "<group>"; };
		14AE1EFE20931F4800895BC9 /* AFURLRequestSerialization.m */ = {isa = PBXFileReference; fileEncoding = 4; lastKnownFileType = sourcecode.c.objc; path = AFURLRequestSerialization.m; sourceTree = "<group>"; };
		14AE1EFF20931F4800895BC9 /* AFNetworking.h */ = {isa = PBXFileReference; fileEncoding = 4; lastKnownFileType = sourcecode.c.h; path = AFNetworking.h; sourceTree = "<group>"; };
		14AE1F0020931F4800895BC9 /* AFNetworkReachabilityManager.m */ = {isa = PBXFileReference; fileEncoding = 4; lastKnownFileType = sourcecode.c.objc; path = AFNetworkReachabilityManager.m; sourceTree = "<group>"; };
		14AE1F0120931F4800895BC9 /* AFSecurityPolicy.m */ = {isa = PBXFileReference; fileEncoding = 4; lastKnownFileType = sourcecode.c.objc; path = AFSecurityPolicy.m; sourceTree = "<group>"; };
		14AE1F0220931F4800895BC9 /* AFHTTPSessionManager.h */ = {isa = PBXFileReference; fileEncoding = 4; lastKnownFileType = sourcecode.c.h; path = AFHTTPSessionManager.h; sourceTree = "<group>"; };
/* End PBXFileReference section */

/* Begin PBXFrameworksBuildPhase section */
		145D3EF9201031B6000AC3CD /* Frameworks */ = {
			isa = PBXFrameworksBuildPhase;
			buildActionMask = 2147483647;
			files = (
			);
			runOnlyForDeploymentPostprocessing = 0;
		};
/* End PBXFrameworksBuildPhase section */

/* Begin PBXGroup section */
		1439CD742092CC5A0089E5D1 /* Frameworks */ = {
			isa = PBXGroup;
			children = (
				1439CD752092CC5A0089E5D1 /* libz.tbd */,
			);
			name = Frameworks;
			sourceTree = "<group>";
		};
		1439CD772092CD610089E5D1 /* SSZipArchive */ = {
			isa = PBXGroup;
			children = (
				1439CD782092CD610089E5D1 /* ZipArchive.h */,
				1439CD792092CD610089E5D1 /* minizip */,
				1439CD9D2092CD610089E5D1 /* SSZipArchive.h */,
				1439CD9E2092CD610089E5D1 /* SSZipCommon.h */,
				1439CD9F2092CD610089E5D1 /* SSZipArchive.m */,
			);
			name = SSZipArchive;
			path = Util/SSZipArchive;
			sourceTree = "<group>";
		};
		1439CD792092CD610089E5D1 /* minizip */ = {
			isa = PBXGroup;
			children = (
				1439CD7A2092CD610089E5D1 /* crypt.c */,
				1439CD7B2092CD610089E5D1 /* unzip.c */,
				1439CD7C2092CD610089E5D1 /* zip.c */,
				1439CD7D2092CD610089E5D1 /* minishared.h */,
				1439CD7E2092CD610089E5D1 /* ioapi.c */,
				1439CD7F2092CD610089E5D1 /* ioapi_mem.h */,
				1439CD802092CD610089E5D1 /* ioapi_buf.c */,
				1439CD812092CD610089E5D1 /* crypt.h */,
				1439CD822092CD610089E5D1 /* zip.h */,
				1439CD832092CD610089E5D1 /* unzip.h */,
				1439CD842092CD610089E5D1 /* ioapi_mem.c */,
				1439CD852092CD610089E5D1 /* minishared.c */,
				1439CD862092CD610089E5D1 /* ioapi.h */,
				1439CD872092CD610089E5D1 /* ioapi_buf.h */,
				1439CD882092CD610089E5D1 /* aes */,
			);
			path = minizip;
			sourceTree = "<group>";
		};
		1439CD882092CD610089E5D1 /* aes */ = {
			isa = PBXGroup;
			children = (
				1439CD892092CD610089E5D1 /* prng.h */,
				1439CD8A2092CD610089E5D1 /* aes_ni.h */,
				1439CD8B2092CD610089E5D1 /* aeskey.c */,
				1439CD8C2092CD610089E5D1 /* hmac.c */,
				1439CD8D2092CD610089E5D1 /* aestab.h */,
				1439CD8E2092CD610089E5D1 /* pwd2key.h */,
				1439CD8F2092CD610089E5D1 /* aescrypt.c */,
				1439CD902092CD610089E5D1 /* fileenc.c */,
				1439CD912092CD610089E5D1 /* aesopt.h */,
				1439CD922092CD610089E5D1 /* sha1.c */,
				1439CD932092CD610089E5D1 /* brg_types.h */,
				1439CD942092CD610089E5D1 /* hmac.h */,
				1439CD952092CD610089E5D1 /* aes_ni.c */,
				1439CD962092CD610089E5D1 /* brg_endian.h */,
				1439CD972092CD610089E5D1 /* prng.c */,
				1439CD982092CD610089E5D1 /* aes.h */,
				1439CD992092CD610089E5D1 /* pwd2key.c */,
				1439CD9A2092CD610089E5D1 /* aestab.c */,
				1439CD9B2092CD610089E5D1 /* sha1.h */,
				1439CD9C2092CD610089E5D1 /* fileenc.h */,
			);
			path = aes;
			sourceTree = "<group>";
		};
		143C24142089998500543BBA /* Test_SceneKit */ = {
			isa = PBXGroup;
			children = (
				1445BFC22090741300850141 /* 素材 */,
				1445BFBB209073D400850141 /* CommonFiles */,
				143C24152089998500543BBA /* AppDelegate.h */,
				143C24202089998500543BBA /* AppDelegate.m */,
				143C24212089998500543BBA /* ViewController26.h */,
				143C24172089998500543BBA /* ViewController26.m */,
				14770AA3208DC0EB00726420 /* ViewController26.xib */,
				143C24182089998500543BBA /* Supporting Files */,
			);
			path = Test_SceneKit;
			sourceTree = "<group>";
		};
		143C24182089998500543BBA /* Supporting Files */ = {
			isa = PBXGroup;
			children = (
				143C24192089998500543BBA /* Assets.xcassets */,
				143C241A2089998500543BBA /* LaunchScreen.storyboard */,
				143C241C2089998500543BBA /* Main.storyboard */,
				143C241E2089998500543BBA /* main.m */,
				143C241F2089998500543BBA /* Info.plist */,
			);
			path = "Supporting Files";
			sourceTree = "<group>";
		};
		1445BFBB209073D400850141 /* CommonFiles */ = {
			isa = PBXGroup;
			children = (
				14AE1EF420931F4800895BC9 /* ThirdParty */,
				14AE1EE120931EF300895BC9 /* NetworkManager */,
				1439CD772092CD610089E5D1 /* SSZipArchive */,
				1445BFBC209073D400850141 /* Util */,
			);
			name = CommonFiles;
			path = ../../../../HanyRepositories/CommonFiles;
			sourceTree = "<group>";
		};
		1445BFBC209073D400850141 /* Util */ = {
			isa = PBXGroup;
			children = (
				1445BFBD209073D400850141 /* XTJRootDefine.h */,
				1445BFBE209073D400850141 /* XTJToolConfig.h */,
				1445BFBF209073D400850141 /* XTJTool.m */,
				1445BFC0209073D400850141 /* XTJTool.h */,
			);
			path = Util;
			sourceTree = "<group>";
		};
		1445BFC22090741300850141 /* 素材 */ = {
			isa = PBXGroup;
			children = (
				1445BFC32090741300850141 /* XTJMaterial.bundle */,
			);
			name = "素材";
			path = "../../../../HanyRepositories/素材";
			sourceTree = "<group>";
		};
		145D3EF3201031B6000AC3CD = {
			isa = PBXGroup;
			children = (
				143C24142089998500543BBA /* Test_SceneKit */,
				145D3EFD201031B6000AC3CD /* Products */,
				1439CD742092CC5A0089E5D1 /* Frameworks */,
			);
			sourceTree = "<group>";
		};
		145D3EFD201031B6000AC3CD /* Products */ = {
			isa = PBXGroup;
			children = (
				145D3EFC201031B6000AC3CD /* Test_SceneKit_26_HitTest.app */,
			);
			name = Products;
			sourceTree = "<group>";
		};
		14AE1EE120931EF300895BC9 /* NetworkManager */ = {
			isa = PBXGroup;
			children = (
				14AE1EE420931EF300895BC9 /* XTJCoreNetworkManager.h */,
				14AE1EEA20931EF300895BC9 /* XTJCoreNetworkManager.m */,
				14AE1EEB20931EF300895BC9 /* XTJNetworkConfig.h */,
			);
			path = NetworkManager;
			sourceTree = "<group>";
		};
		14AE1EF420931F4800895BC9 /* ThirdParty */ = {
			isa = PBXGroup;
			children = (
				14AE1EF520931F4800895BC9 /* AFNetworking */,
			);
			path = ThirdParty;
			sourceTree = "<group>";
		};
		14AE1EF520931F4800895BC9 /* AFNetworking */ = {
			isa = PBXGroup;
			children = (
				14AE1EF620931F4800895BC9 /* AFSecurityPolicy.h */,
				14AE1EF720931F4800895BC9 /* AFNetworkReachabilityManager.h */,
				14AE1EF820931F4800895BC9 /* AFURLSessionManager.h */,
				14AE1EF920931F4800895BC9 /* AFURLRequestSerialization.h */,
				14AE1EFA20931F4800895BC9 /* AFURLResponseSerialization.m */,
				14AE1EFB20931F4800895BC9 /* AFHTTPSessionManager.m */,
				14AE1EFC20931F4800895BC9 /* AFURLResponseSerialization.h */,
				14AE1EFD20931F4800895BC9 /* AFURLSessionManager.m */,
				14AE1EFE20931F4800895BC9 /* AFURLRequestSerialization.m */,
				14AE1EFF20931F4800895BC9 /* AFNetworking.h */,
				14AE1F0020931F4800895BC9 /* AFNetworkReachabilityManager.m */,
				14AE1F0120931F4800895BC9 /* AFSecurityPolicy.m */,
				14AE1F0220931F4800895BC9 /* AFHTTPSessionManager.h */,
			);
			path = AFNetworking;
			sourceTree = "<group>";
		};
/* End PBXGroup section */

/* Begin PBXNativeTarget section */
		145D3EFB201031B6000AC3CD /* Test_SceneKit_26_HitTest */ = {
			isa = PBXNativeTarget;
			buildConfigurationList = 145D3F12201031B6000AC3CD /* Build configuration list for PBXNativeTarget "Test_SceneKit_26_HitTest" */;
			buildPhases = (
				145D3EF8201031B6000AC3CD /* Sources */,
				145D3EF9201031B6000AC3CD /* Frameworks */,
				145D3EFA201031B6000AC3CD /* Resources */,
			);
			buildRules = (
			);
			dependencies = (
			);
			name = Test_SceneKit_26_HitTest;
			productName = TestProjectWithOCNoSB;
			productReference = 145D3EFC201031B6000AC3CD /* Test_SceneKit_26_HitTest.app */;
			productType = "com.apple.product-type.application";
		};
/* End PBXNativeTarget section */

/* Begin PBXProject section */
		145D3EF4201031B6000AC3CD /* Project object */ = {
			isa = PBXProject;
			attributes = {
				LastUpgradeCheck = 0920;
				ORGANIZATIONNAME = hanyfeng;
				TargetAttributes = {
					145D3EFB201031B6000AC3CD = {
						CreatedOnToolsVersion = 9.2;
						ProvisioningStyle = Automatic;
					};
				};
			};
			buildConfigurationList = 145D3EF7201031B6000AC3CD /* Build configuration list for PBXProject "Test_SceneKit_26_HitTest" */;
			compatibilityVersion = "Xcode 8.0";
			developmentRegion = en;
			hasScannedForEncodings = 0;
			knownRegions = (
				en,
				Base,
			);
			mainGroup = 145D3EF3201031B6000AC3CD;
			productRefGroup = 145D3EFD201031B6000AC3CD /* Products */;
			projectDirPath = "";
			projectRoot = "";
			targets = (
				145D3EFB201031B6000AC3CD /* Test_SceneKit_26_HitTest */,
			);
		};
/* End PBXProject section */

/* Begin PBXResourcesBuildPhase section */
		145D3EFA201031B6000AC3CD /* Resources */ = {
			isa = PBXResourcesBuildPhase;
			buildActionMask = 2147483647;
			files = (
				143C24252089998500543BBA /* LaunchScreen.storyboard in Resources */,
				143C24242089998500543BBA /* Assets.xcassets in Resources */,
				1445BFC42090741300850141 /* XTJMaterial.bundle in Resources */,
				14770AA4208DC0EB00726420 /* ViewController26.xib in Resources */,
				143C24262089998500543BBA /* Main.storyboard in Resources */,
			);
			runOnlyForDeploymentPostprocessing = 0;
		};
/* End PBXResourcesBuildPhase section */

/* Begin PBXSourcesBuildPhase section */
		145D3EF8201031B6000AC3CD /* Sources */ = {
			isa = PBXSourcesBuildPhase;
			buildActionMask = 2147483647;
			files = (
				1439CDAE2092CD620089E5D1 /* prng.c in Sources */,
				14AE1F0720931F4800895BC9 /* AFNetworkReachabilityManager.m in Sources */,
				1439CDB02092CD620089E5D1 /* aestab.c in Sources */,
				1439CDA92092CD620089E5D1 /* hmac.c in Sources */,
				1439CDA22092CD620089E5D1 /* unzip.c in Sources */,
				14AE1EF320931EF300895BC9 /* XTJCoreNetworkManager.m in Sources */,
				14AE1F0520931F4800895BC9 /* AFURLSessionManager.m in Sources */,
				1445BFC1209073D400850141 /* XTJTool.m in Sources */,
				1439CDB12092CD620089E5D1 /* SSZipArchive.m in Sources */,
				1439CDAB2092CD620089E5D1 /* fileenc.c in Sources */,
				1439CDAC2092CD620089E5D1 /* sha1.c in Sources */,
				1439CDA42092CD620089E5D1 /* ioapi.c in Sources */,
				1439CDA82092CD620089E5D1 /* aeskey.c in Sources */,
				1439CDA52092CD620089E5D1 /* ioapi_buf.c in Sources */,
				1439CDA62092CD620089E5D1 /* ioapi_mem.c in Sources */,
				143C24272089998500543BBA /* main.m in Sources */,
				143C24232089998500543BBA /* ViewController26.m in Sources */,
				1439CDA32092CD620089E5D1 /* zip.c in Sources */,
				14AE1F0420931F4800895BC9 /* AFHTTPSessionManager.m in Sources */,
				14AE1F0320931F4800895BC9 /* AFURLResponseSerialization.m in Sources */,
				1439CDA72092CD620089E5D1 /* minishared.c in Sources */,
				143C24292089998500543BBA /* AppDelegate.m in Sources */,
				1439CDAF2092CD620089E5D1 /* pwd2key.c in Sources */,
				1439CDAA2092CD620089E5D1 /* aescrypt.c in Sources */,
				14AE1F0820931F4800895BC9 /* AFSecurityPolicy.m in Sources */,
				14AE1F0620931F4800895BC9 /* AFURLRequestSerialization.m in Sources */,
				1439CDA12092CD620089E5D1 /* crypt.c in Sources */,
				1439CDAD2092CD620089E5D1 /* aes_ni.c in Sources */,
			);
			runOnlyForDeploymentPostprocessing = 0;
		};
/* End PBXSourcesBuildPhase section */

/* Begin PBXVariantGroup section */
		143C241A2089998500543BBA /* LaunchScreen.storyboard */ = {
			isa = PBXVariantGroup;
			children = (
				143C241B2089998500543BBA /* Base */,
			);
			name = LaunchScreen.storyboard;
			sourceTree = "<group>";
		};
		143C241C2089998500543BBA /* Main.storyboard */ = {
			isa = PBXVariantGroup;
			children = (
				143C241D2089998500543BBA /* Base */,
			);
			name = Main.storyboard;
			sourceTree = "<group>";
		};
/* End PBXVariantGroup section */

/* Begin XCBuildConfiguration section */
		145D3F10201031B6000AC3CD /* Debug */ = {
			isa = XCBuildConfiguration;
			buildSettings = {
				ALWAYS_SEARCH_USER_PATHS = NO;
				CLANG_ANALYZER_NONNULL = YES;
				CLANG_ANALYZER_NUMBER_OBJECT_CONVERSION = YES_AGGRESSIVE;
				CLANG_CXX_LANGUAGE_STANDARD = "gnu++14";
				CLANG_CXX_LIBRARY = "libc++";
				CLANG_ENABLE_MODULES = YES;
				CLANG_ENABLE_OBJC_ARC = YES;
				CLANG_WARN_BLOCK_CAPTURE_AUTORELEASING = YES;
				CLANG_WARN_BOOL_CONVERSION = YES;
				CLANG_WARN_COMMA = YES;
				CLANG_WARN_CONSTANT_CONVERSION = YES;
				CLANG_WARN_DIRECT_OBJC_ISA_USAGE = YES_ERROR;
				CLANG_WARN_DOCUMENTATION_COMMENTS = YES;
				CLANG_WARN_EMPTY_BODY = YES;
				CLANG_WARN_ENUM_CONVERSION = YES;
				CLANG_WARN_INFINITE_RECURSION = YES;
				CLANG_WARN_INT_CONVERSION = YES;
				CLANG_WARN_NON_LITERAL_NULL_CONVERSION = YES;
				CLANG_WARN_OBJC_LITERAL_CONVERSION = YES;
				CLANG_WARN_OBJC_ROOT_CLASS = YES_ERROR;
				CLANG_WARN_RANGE_LOOP_ANALYSIS = YES;
				CLANG_WARN_STRICT_PROTOTYPES = YES;
				CLANG_WARN_SUSPICIOUS_MOVE = YES;
				CLANG_WARN_UNGUARDED_AVAILABILITY = YES_AGGRESSIVE;
				CLANG_WARN_UNREACHABLE_CODE = YES;
				CLANG_WARN__DUPLICATE_METHOD_MATCH = YES;
				CODE_SIGN_IDENTITY = "iPhone Developer";
				COPY_PHASE_STRIP = NO;
				DEBUG_INFORMATION_FORMAT = dwarf;
				ENABLE_STRICT_OBJC_MSGSEND = YES;
				ENABLE_TESTABILITY = YES;
				GCC_C_LANGUAGE_STANDARD = gnu11;
				GCC_DYNAMIC_NO_PIC = NO;
				GCC_NO_COMMON_BLOCKS = YES;
				GCC_OPTIMIZATION_LEVEL = 0;
				GCC_PREPROCESSOR_DEFINITIONS = (
					"DEBUG=1",
					"$(inherited)",
				);
				GCC_WARN_64_TO_32_BIT_CONVERSION = YES;
				GCC_WARN_ABOUT_RETURN_TYPE = YES_ERROR;
				GCC_WARN_UNDECLARED_SELECTOR = YES;
				GCC_WARN_UNINITIALIZED_AUTOS = YES_AGGRESSIVE;
				GCC_WARN_UNUSED_FUNCTION = YES;
				GCC_WARN_UNUSED_VARIABLE = YES;
				IPHONEOS_DEPLOYMENT_TARGET = 11.2;
				MTL_ENABLE_DEBUG_INFO = YES;
				ONLY_ACTIVE_ARCH = YES;
				SDKROOT = iphoneos;
			};
			name = Debug;
		};
		145D3F11201031B6000AC3CD /* Release */ = {
			isa = XCBuildConfiguration;
			buildSettings = {
				ALWAYS_SEARCH_USER_PATHS = NO;
				CLANG_ANALYZER_NONNULL = YES;
				CLANG_ANALYZER_NUMBER_OBJECT_CONVERSION = YES_AGGRESSIVE;
				CLANG_CXX_LANGUAGE_STANDARD = "gnu++14";
				CLANG_CXX_LIBRARY = "libc++";
				CLANG_ENABLE_MODULES = YES;
				CLANG_ENABLE_OBJC_ARC = YES;
				CLANG_WARN_BLOCK_CAPTURE_AUTORELEASING = YES;
				CLANG_WARN_BOOL_CONVERSION = YES;
				CLANG_WARN_COMMA = YES;
				CLANG_WARN_CONSTANT_CONVERSION = YES;
				CLANG_WARN_DIRECT_OBJC_ISA_USAGE = YES_ERROR;
				CLANG_WARN_DOCUMENTATION_COMMENTS = YES;
				CLANG_WARN_EMPTY_BODY = YES;
				CLANG_WARN_ENUM_CONVERSION = YES;
				CLANG_WARN_INFINITE_RECURSION = YES;
				CLANG_WARN_INT_CONVERSION = YES;
				CLANG_WARN_NON_LITERAL_NULL_CONVERSION = YES;
				CLANG_WARN_OBJC_LITERAL_CONVERSION = YES;
				CLANG_WARN_OBJC_ROOT_CLASS = YES_ERROR;
				CLANG_WARN_RANGE_LOOP_ANALYSIS = YES;
				CLANG_WARN_STRICT_PROTOTYPES = YES;
				CLANG_WARN_SUSPICIOUS_MOVE = YES;
				CLANG_WARN_UNGUARDED_AVAILABILITY = YES_AGGRESSIVE;
				CLANG_WARN_UNREACHABLE_CODE = YES;
				CLANG_WARN__DUPLICATE_METHOD_MATCH = YES;
				CODE_SIGN_IDENTITY = "iPhone Developer";
				COPY_PHASE_STRIP = NO;
				DEBUG_INFORMATION_FORMAT = "dwarf-with-dsym";
				ENABLE_NS_ASSERTIONS = NO;
				ENABLE_STRICT_OBJC_MSGSEND = YES;
				GCC_C_LANGUAGE_STANDARD = gnu11;
				GCC_NO_COMMON_BLOCKS = YES;
				GCC_WARN_64_TO_32_BIT_CONVERSION = YES;
				GCC_WARN_ABOUT_RETURN_TYPE = YES_ERROR;
				GCC_WARN_UNDECLARED_SELECTOR = YES;
				GCC_WARN_UNINITIALIZED_AUTOS = YES_AGGRESSIVE;
				GCC_WARN_UNUSED_FUNCTION = YES;
				GCC_WARN_UNUSED_VARIABLE = YES;
				IPHONEOS_DEPLOYMENT_TARGET = 11.2;
				MTL_ENABLE_DEBUG_INFO = NO;
				SDKROOT = iphoneos;
				VALIDATE_PRODUCT = YES;
			};
			name = Release;
		};
		145D3F13201031B6000AC3CD /* Debug */ = {
			isa = XCBuildConfiguration;
			buildSettings = {
				ASSETCATALOG_COMPILER_APPICON_NAME = AppIcon;
				CODE_SIGN_STYLE = Automatic;
				DEVELOPMENT_TEAM = ZU3PU58KKD;
				INFOPLIST_FILE = "Test_SceneKit/Supporting Files/Info.plist";
				IPHONEOS_DEPLOYMENT_TARGET = 10.0;
				LD_RUNPATH_SEARCH_PATHS = "$(inherited) @executable_path/Frameworks";
				PRODUCT_BUNDLE_IDENTIFIER = com.XiangRongDev.TestProjectWithOCNoSB;
				PRODUCT_NAME = "$(TARGET_NAME)";
				TARGETED_DEVICE_FAMILY = 1;
			};
			name = Debug;
		};
		145D3F14201031B6000AC3CD /* Release */ = {
			isa = XCBuildConfiguration;
			buildSettings = {
				ASSETCATALOG_COMPILER_APPICON_NAME = AppIcon;
				CODE_SIGN_STYLE = Automatic;
				DEVELOPMENT_TEAM = ZU3PU58KKD;
				INFOPLIST_FILE = "Test_SceneKit/Supporting Files/Info.plist";
				IPHONEOS_DEPLOYMENT_TARGET = 10.0;
				LD_RUNPATH_SEARCH_PATHS = "$(inherited) @executable_path/Frameworks";
				PRODUCT_BUNDLE_IDENTIFIER = com.XiangRongDev.TestProjectWithOCNoSB;
				PRODUCT_NAME = "$(TARGET_NAME)";
				TARGETED_DEVICE_FAMILY = 1;
			};
			name = Release;
		};
/* End XCBuildConfiguration section */

/* Begin XCConfigurationList section */
		145D3EF7201031B6000AC3CD /* Build configuration list for PBXProject "Test_SceneKit_26_HitTest" */ = {
			isa = XCConfigurationList;
			buildConfigurations = (
				145D3F10201031B6000AC3CD /* Debug */,
				145D3F11201031B6000AC3CD /* Release */,
			);
			defaultConfigurationIsVisible = 0;
			defaultConfigurationName = Release;
		};
		145D3F12201031B6000AC3CD /* Build configuration list for PBXNativeTarget "Test_SceneKit_26_HitTest" */ = {
			isa = XCConfigurationList;
			buildConfigurations = (
				145D3F13201031B6000AC3CD /* Debug */,
				145D3F14201031B6000AC3CD /* Release */,
			);
			defaultConfigurationIsVisible = 0;
			defaultConfigurationName = Release;
		};
/* End XCConfigurationList section */
	};
	rootObject = 145D3EF4201031B6000AC3CD /* Project object */;
}
